// !$*UTF8*$!
{
	archiveVersion = 1;
	classes = {
	};
	objectVersion = 55;
	objects = {

/* Begin PBXBuildFile section */
		0A2253FF2A51DC2400BDD02B /* FeedStoreSpecs.swift in Sources */ = {isa = PBXBuildFile; fileRef = 0A2253FE2A51DC2400BDD02B /* FeedStoreSpecs.swift */; };
		0A2254012A51DCE200BDD02B /* CodableFeedStore.swift in Sources */ = {isa = PBXBuildFile; fileRef = 0A2254002A51DCE200BDD02B /* CodableFeedStore.swift */; };
		0A2254032A51DE6C00BDD02B /* XCTestCase+FeedStoreSpecs.swift in Sources */ = {isa = PBXBuildFile; fileRef = 0A2254022A51DE6C00BDD02B /* XCTestCase+FeedStoreSpecs.swift */; };
		0A2254052A51E25200BDD02B /* XCTestCase+FailableRetrieveFeedStoreSpecs.swift in Sources */ = {isa = PBXBuildFile; fileRef = 0A2254042A51E25200BDD02B /* XCTestCase+FailableRetrieveFeedStoreSpecs.swift */; };
		0A2254072A531B1D00BDD02B /* XCTestCase+FailableInsertFeedStoreSpecs.swift in Sources */ = {isa = PBXBuildFile; fileRef = 0A2254062A531B1D00BDD02B /* XCTestCase+FailableInsertFeedStoreSpecs.swift */; };
		0A2254092A53223800BDD02B /* XCTestCase+FailableDeleteFeedStoreSpecs.swift in Sources */ = {isa = PBXBuildFile; fileRef = 0A2254082A53223800BDD02B /* XCTestCase+FailableDeleteFeedStoreSpecs.swift */; };
		0A22540C2A546AD000BDD02B /* CoreDataFeedStoreTests.swift in Sources */ = {isa = PBXBuildFile; fileRef = 0A22540B2A546AD000BDD02B /* CoreDataFeedStoreTests.swift */; };
		0A22540E2A546C7000BDD02B /* CoreDataFeedStore.swift in Sources */ = {isa = PBXBuildFile; fileRef = 0A22540D2A546C7000BDD02B /* CoreDataFeedStore.swift */; };
		0A2254112A54727200BDD02B /* CoreDataFeedStore.xcdatamodeld in Sources */ = {isa = PBXBuildFile; fileRef = 0A22540F2A54727200BDD02B /* CoreDataFeedStore.xcdatamodeld */; };
		0A4336392A7D8C770044E692 /* EssentialFeediOS.docc in Sources */ = {isa = PBXBuildFile; fileRef = 0A4336382A7D8C770044E692 /* EssentialFeediOS.docc */; };
		0A43363F2A7D8C780044E692 /* EssentialFeediOS.framework in Frameworks */ = {isa = PBXBuildFile; fileRef = 0A4336352A7D8C770044E692 /* EssentialFeediOS.framework */; };
		0A43364A2A7D8C790044E692 /* EssentialFeediOS.framework in Frameworks */ = {isa = PBXBuildFile; fileRef = 0A4336352A7D8C770044E692 /* EssentialFeediOS.framework */; };
		0A43364B2A7D8C790044E692 /* EssentialFeediOS.framework in Embed Frameworks */ = {isa = PBXBuildFile; fileRef = 0A4336352A7D8C770044E692 /* EssentialFeediOS.framework */; settings = {ATTRIBUTES = (CodeSignOnCopy, RemoveHeadersOnCopy, ); }; };
		0A7940F82A9546D1002430A4 /* FeedImageCell.swift in Sources */ = {isa = PBXBuildFile; fileRef = 0A7940F72A9546D1002430A4 /* FeedImageCell.swift */; };
		0A7940FA2A9566E1002430A4 /* FeedViewController.swift in Sources */ = {isa = PBXBuildFile; fileRef = 0A7940F92A9566E1002430A4 /* FeedViewController.swift */; };
		0A7940FC2A96897C002430A4 /* UIView+Shimmering.swift in Sources */ = {isa = PBXBuildFile; fileRef = 0A7940FB2A96897B002430A4 /* UIView+Shimmering.swift */; };
		0A7940FF2A994ED2002430A4 /* UIImage+TestHelpers.swift in Sources */ = {isa = PBXBuildFile; fileRef = 0A7940FE2A994ED2002430A4 /* UIImage+TestHelpers.swift */; };
		0A81B2EC2A587076005983C7 /* CoreDataHelpers.swift in Sources */ = {isa = PBXBuildFile; fileRef = 0A81B2EB2A587076005983C7 /* CoreDataHelpers.swift */; };
		0A81B2EE2A5870F1005983C7 /* ManagedCache.swift in Sources */ = {isa = PBXBuildFile; fileRef = 0A81B2ED2A5870F1005983C7 /* ManagedCache.swift */; };
		0A81B2F02A58711B005983C7 /* ManagedFeedImage.swift in Sources */ = {isa = PBXBuildFile; fileRef = 0A81B2EF2A58711B005983C7 /* ManagedFeedImage.swift */; };
		0A81B2F22A5884C2005983C7 /* EssentialFeedCacheIntegrationTests.swift in Sources */ = {isa = PBXBuildFile; fileRef = 0A81B2F12A5884C2005983C7 /* EssentialFeedCacheIntegrationTests.swift */; };
		0AB73E4A2A8AAB5A004CB3FD /* FeedViewControllerTests.swift in Sources */ = {isa = PBXBuildFile; fileRef = 0AB73E492A8AAB5A004CB3FD /* FeedViewControllerTests.swift */; };
		C701772D29C64C010087B195 /* HTTPClient.swift in Sources */ = {isa = PBXBuildFile; fileRef = C701772C29C64C010087B195 /* HTTPClient.swift */; };
		C701772F29C64CF90087B195 /* FeedItemsMapper.swift in Sources */ = {isa = PBXBuildFile; fileRef = C701772E29C64CF90087B195 /* FeedItemsMapper.swift */; };
		C70DAAAB29CA0FD800C2A43D /* URLSessionHTTPClientTests.swift in Sources */ = {isa = PBXBuildFile; fileRef = C70DAAA929CA0BFF00C2A43D /* URLSessionHTTPClientTests.swift */; };
		C7216B5D29D4DAEF00D73811 /* XCTestCase+MemoryLeakTracking.swift in Sources */ = {isa = PBXBuildFile; fileRef = C7216B5C29D4DAEF00D73811 /* XCTestCase+MemoryLeakTracking.swift */; };
		C733CECC29B6B973008EA556 /* AppDelegate.swift in Sources */ = {isa = PBXBuildFile; fileRef = C733CECB29B6B973008EA556 /* AppDelegate.swift */; };
		C733CECE29B6B973008EA556 /* SceneDelegate.swift in Sources */ = {isa = PBXBuildFile; fileRef = C733CECD29B6B973008EA556 /* SceneDelegate.swift */; };
		C733CED029B6B973008EA556 /* ViewController.swift in Sources */ = {isa = PBXBuildFile; fileRef = C733CECF29B6B973008EA556 /* ViewController.swift */; };
		C733CED329B6B973008EA556 /* Main.storyboard in Resources */ = {isa = PBXBuildFile; fileRef = C733CED129B6B973008EA556 /* Main.storyboard */; };
		C733CED529B6B977008EA556 /* Assets.xcassets in Resources */ = {isa = PBXBuildFile; fileRef = C733CED429B6B977008EA556 /* Assets.xcassets */; };
		C733CED829B6B977008EA556 /* LaunchScreen.storyboard in Resources */ = {isa = PBXBuildFile; fileRef = C733CED629B6B977008EA556 /* LaunchScreen.storyboard */; };
		C733CEE329B6B978008EA556 /* EssentialFeedTests.swift in Sources */ = {isa = PBXBuildFile; fileRef = C733CEE229B6B978008EA556 /* EssentialFeedTests.swift */; };
		C733CEED29B6B978008EA556 /* EssentialFeedUITests.swift in Sources */ = {isa = PBXBuildFile; fileRef = C733CEEC29B6B978008EA556 /* EssentialFeedUITests.swift */; };
		C733CEEF29B6B978008EA556 /* EssentialFeedUITestsLaunchTests.swift in Sources */ = {isa = PBXBuildFile; fileRef = C733CEEE29B6B978008EA556 /* EssentialFeedUITestsLaunchTests.swift */; };
		C733CEFC29B6B9A8008EA556 /* FeedImage.swift in Sources */ = {isa = PBXBuildFile; fileRef = C733CEFB29B6B9A7008EA556 /* FeedImage.swift */; };
		C733CEFE29B6B9FA008EA556 /* FeedLoader.swift in Sources */ = {isa = PBXBuildFile; fileRef = C733CEFD29B6B9FA008EA556 /* FeedLoader.swift */; };
		C733CF0129B933FD008EA556 /* LoadFeedFromRemoteUseCaseTests.swift in Sources */ = {isa = PBXBuildFile; fileRef = C733CF0029B933FD008EA556 /* LoadFeedFromRemoteUseCaseTests.swift */; };
		C733CF0429BA8A6E008EA556 /* RemoteFeedLoader.swift in Sources */ = {isa = PBXBuildFile; fileRef = C733CF0229BA8A5B008EA556 /* RemoteFeedLoader.swift */; };
		C7489D0F2A02F36F00AAC482 /* URLSessionHTTPClient.swift in Sources */ = {isa = PBXBuildFile; fileRef = C7489D0E2A02F36F00AAC482 /* URLSessionHTTPClient.swift */; };
		C7489D1D2A05904800AAC482 /* EssentialFeedAPIEndToEndTests.swift in Sources */ = {isa = PBXBuildFile; fileRef = C7489D172A03004F00AAC482 /* EssentialFeedAPIEndToEndTests.swift */; };
		C7489D1E2A05941500AAC482 /* XCTestCase+MemoryLeakTracking.swift in Sources */ = {isa = PBXBuildFile; fileRef = C7216B5C29D4DAEF00D73811 /* XCTestCase+MemoryLeakTracking.swift */; };
		C7489D232A13D27D00AAC482 /* CacheFeedUseCaseTests.swift in Sources */ = {isa = PBXBuildFile; fileRef = C7489D222A13D27D00AAC482 /* CacheFeedUseCaseTests.swift */; };
		C7489D262A168FD800AAC482 /* LocalFeedLoader.swift in Sources */ = {isa = PBXBuildFile; fileRef = C7489D252A168FD800AAC482 /* LocalFeedLoader.swift */; };
		C7489D292A16904700AAC482 /* FeedStore.swift in Sources */ = {isa = PBXBuildFile; fileRef = C7489D282A16904700AAC482 /* FeedStore.swift */; };
		C7489D2C2A16B0BE00AAC482 /* RemoteFeedItem.swift in Sources */ = {isa = PBXBuildFile; fileRef = C7489D2B2A16B0BE00AAC482 /* RemoteFeedItem.swift */; };
		C7489D2E2A16B11500AAC482 /* LocalFeedImage.swift in Sources */ = {isa = PBXBuildFile; fileRef = C7489D2D2A16B11500AAC482 /* LocalFeedImage.swift */; };
		C77175B32A425CEA00EBAD23 /* FeedCachePolicy.swift in Sources */ = {isa = PBXBuildFile; fileRef = C77175B22A425CEA00EBAD23 /* FeedCachePolicy.swift */; };
		C77175B52A43934600EBAD23 /* CodableFeedStoreTests.swift in Sources */ = {isa = PBXBuildFile; fileRef = C77175B42A43934600EBAD23 /* CodableFeedStoreTests.swift */; };
		C7EB4B6A2A2E504D005C2559 /* LoadFeedFromCacheUseCaseTests.swift in Sources */ = {isa = PBXBuildFile; fileRef = C7EB4B692A2E504D005C2559 /* LoadFeedFromCacheUseCaseTests.swift */; };
		C7EB4B6E2A2E5610005C2559 /* FeedStoreSpy.swift in Sources */ = {isa = PBXBuildFile; fileRef = C7EB4B6B2A2E538E005C2559 /* FeedStoreSpy.swift */; };
		C7EB4B712A2FBDBF005C2559 /* ValidateFeedCacheUseCaseTests.swift in Sources */ = {isa = PBXBuildFile; fileRef = C7EB4B702A2FBDBF005C2559 /* ValidateFeedCacheUseCaseTests.swift */; };
		C7EB4B732A2FCC24005C2559 /* SharedTestHelpers.swift in Sources */ = {isa = PBXBuildFile; fileRef = C7EB4B722A2FCC24005C2559 /* SharedTestHelpers.swift */; };
		C7EB4B752A2FCC41005C2559 /* FeedCacheTestHelpers.swift in Sources */ = {isa = PBXBuildFile; fileRef = C7EB4B742A2FCC41005C2559 /* FeedCacheTestHelpers.swift */; };
/* End PBXBuildFile section */

/* Begin PBXContainerItemProxy section */
		0A4336402A7D8C780044E692 /* PBXContainerItemProxy */ = {
			isa = PBXContainerItemProxy;
			containerPortal = C733CEC029B6B973008EA556 /* Project object */;
			proxyType = 1;
			remoteGlobalIDString = 0A4336342A7D8C770044E692;
			remoteInfo = EssentialFeediOS;
		};
		0A4336422A7D8C780044E692 /* PBXContainerItemProxy */ = {
			isa = PBXContainerItemProxy;
			containerPortal = C733CEC029B6B973008EA556 /* Project object */;
			proxyType = 1;
			remoteGlobalIDString = C733CEC729B6B973008EA556;
			remoteInfo = EssentialFeed;
		};
		0A4336482A7D8C790044E692 /* PBXContainerItemProxy */ = {
			isa = PBXContainerItemProxy;
			containerPortal = C733CEC029B6B973008EA556 /* Project object */;
			proxyType = 1;
			remoteGlobalIDString = 0A4336342A7D8C770044E692;
			remoteInfo = EssentialFeediOS;
		};
		C733CEDF29B6B978008EA556 /* PBXContainerItemProxy */ = {
			isa = PBXContainerItemProxy;
			containerPortal = C733CEC029B6B973008EA556 /* Project object */;
			proxyType = 1;
			remoteGlobalIDString = C733CEC729B6B973008EA556;
			remoteInfo = EssentialFeed;
		};
		C733CEE929B6B978008EA556 /* PBXContainerItemProxy */ = {
			isa = PBXContainerItemProxy;
			containerPortal = C733CEC029B6B973008EA556 /* Project object */;
			proxyType = 1;
			remoteGlobalIDString = C733CEC729B6B973008EA556;
			remoteInfo = EssentialFeed;
		};
/* End PBXContainerItemProxy section */

/* Begin PBXCopyFilesBuildPhase section */
		0A43364F2A7D8C790044E692 /* Embed Frameworks */ = {
			isa = PBXCopyFilesBuildPhase;
			buildActionMask = 2147483647;
			dstPath = "";
			dstSubfolderSpec = 10;
			files = (
				0A43364B2A7D8C790044E692 /* EssentialFeediOS.framework in Embed Frameworks */,
			);
			name = "Embed Frameworks";
			runOnlyForDeploymentPostprocessing = 0;
		};
/* End PBXCopyFilesBuildPhase section */

/* Begin PBXFileReference section */
		0A2253FE2A51DC2400BDD02B /* FeedStoreSpecs.swift */ = {isa = PBXFileReference; lastKnownFileType = sourcecode.swift; path = FeedStoreSpecs.swift; sourceTree = "<group>"; };
		0A2254002A51DCE200BDD02B /* CodableFeedStore.swift */ = {isa = PBXFileReference; lastKnownFileType = sourcecode.swift; path = CodableFeedStore.swift; sourceTree = "<group>"; };
		0A2254022A51DE6C00BDD02B /* XCTestCase+FeedStoreSpecs.swift */ = {isa = PBXFileReference; lastKnownFileType = sourcecode.swift; path = "XCTestCase+FeedStoreSpecs.swift"; sourceTree = "<group>"; };
		0A2254042A51E25200BDD02B /* XCTestCase+FailableRetrieveFeedStoreSpecs.swift */ = {isa = PBXFileReference; lastKnownFileType = sourcecode.swift; path = "XCTestCase+FailableRetrieveFeedStoreSpecs.swift"; sourceTree = "<group>"; };
		0A2254062A531B1D00BDD02B /* XCTestCase+FailableInsertFeedStoreSpecs.swift */ = {isa = PBXFileReference; lastKnownFileType = sourcecode.swift; path = "XCTestCase+FailableInsertFeedStoreSpecs.swift"; sourceTree = "<group>"; };
		0A2254082A53223800BDD02B /* XCTestCase+FailableDeleteFeedStoreSpecs.swift */ = {isa = PBXFileReference; lastKnownFileType = sourcecode.swift; path = "XCTestCase+FailableDeleteFeedStoreSpecs.swift"; sourceTree = "<group>"; };
		0A22540B2A546AD000BDD02B /* CoreDataFeedStoreTests.swift */ = {isa = PBXFileReference; lastKnownFileType = sourcecode.swift; path = CoreDataFeedStoreTests.swift; sourceTree = "<group>"; };
		0A22540D2A546C7000BDD02B /* CoreDataFeedStore.swift */ = {isa = PBXFileReference; lastKnownFileType = sourcecode.swift; path = CoreDataFeedStore.swift; sourceTree = "<group>"; };
		0A2254102A54727200BDD02B /* CoreDataFeedStore.xcdatamodel */ = {isa = PBXFileReference; lastKnownFileType = wrapper.xcdatamodel; path = CoreDataFeedStore.xcdatamodel; sourceTree = "<group>"; };
		0A4336352A7D8C770044E692 /* EssentialFeediOS.framework */ = {isa = PBXFileReference; explicitFileType = wrapper.framework; includeInIndex = 0; path = EssentialFeediOS.framework; sourceTree = BUILT_PRODUCTS_DIR; };
		0A4336382A7D8C770044E692 /* EssentialFeediOS.docc */ = {isa = PBXFileReference; lastKnownFileType = folder.documentationcatalog; path = EssentialFeediOS.docc; sourceTree = "<group>"; };
		0A43363E2A7D8C780044E692 /* EssentialFeediOSTests.xctest */ = {isa = PBXFileReference; explicitFileType = wrapper.cfbundle; includeInIndex = 0; path = EssentialFeediOSTests.xctest; sourceTree = BUILT_PRODUCTS_DIR; };
		0A7940F72A9546D1002430A4 /* FeedImageCell.swift */ = {isa = PBXFileReference; lastKnownFileType = sourcecode.swift; path = FeedImageCell.swift; sourceTree = "<group>"; };
		0A7940F92A9566E1002430A4 /* FeedViewController.swift */ = {isa = PBXFileReference; lastKnownFileType = sourcecode.swift; path = FeedViewController.swift; sourceTree = "<group>"; };
		0A7940FB2A96897B002430A4 /* UIView+Shimmering.swift */ = {isa = PBXFileReference; lastKnownFileType = sourcecode.swift; path = "UIView+Shimmering.swift"; sourceTree = "<group>"; };
		0A7940FD2A994ED2002430A4 /* EssentialFeediOSTests-Bridging-Header.h */ = {isa = PBXFileReference; lastKnownFileType = sourcecode.c.h; path = "EssentialFeediOSTests-Bridging-Header.h"; sourceTree = "<group>"; };
		0A7940FE2A994ED2002430A4 /* UIImage+TestHelpers.swift */ = {isa = PBXFileReference; lastKnownFileType = sourcecode.swift; path = "UIImage+TestHelpers.swift"; sourceTree = "<group>"; };
		0A81B2EB2A587076005983C7 /* CoreDataHelpers.swift */ = {isa = PBXFileReference; lastKnownFileType = sourcecode.swift; path = CoreDataHelpers.swift; sourceTree = "<group>"; };
		0A81B2ED2A5870F1005983C7 /* ManagedCache.swift */ = {isa = PBXFileReference; lastKnownFileType = sourcecode.swift; path = ManagedCache.swift; sourceTree = "<group>"; };
		0A81B2EF2A58711B005983C7 /* ManagedFeedImage.swift */ = {isa = PBXFileReference; lastKnownFileType = sourcecode.swift; path = ManagedFeedImage.swift; sourceTree = "<group>"; };
		0A81B2F12A5884C2005983C7 /* EssentialFeedCacheIntegrationTests.swift */ = {isa = PBXFileReference; lastKnownFileType = sourcecode.swift; path = EssentialFeedCacheIntegrationTests.swift; sourceTree = "<group>"; };
		0AB73E492A8AAB5A004CB3FD /* FeedViewControllerTests.swift */ = {isa = PBXFileReference; lastKnownFileType = sourcecode.swift; path = FeedViewControllerTests.swift; sourceTree = "<group>"; };
		C701772C29C64C010087B195 /* HTTPClient.swift */ = {isa = PBXFileReference; lastKnownFileType = sourcecode.swift; path = HTTPClient.swift; sourceTree = "<group>"; };
		C701772E29C64CF90087B195 /* FeedItemsMapper.swift */ = {isa = PBXFileReference; lastKnownFileType = sourcecode.swift; path = FeedItemsMapper.swift; sourceTree = "<group>"; };
		C70DAAA929CA0BFF00C2A43D /* URLSessionHTTPClientTests.swift */ = {isa = PBXFileReference; lastKnownFileType = sourcecode.swift; path = URLSessionHTTPClientTests.swift; sourceTree = "<group>"; };
		C7216B5C29D4DAEF00D73811 /* XCTestCase+MemoryLeakTracking.swift */ = {isa = PBXFileReference; lastKnownFileType = sourcecode.swift; path = "XCTestCase+MemoryLeakTracking.swift"; sourceTree = "<group>"; };
		C733CEC829B6B973008EA556 /* EssentialFeed.app */ = {isa = PBXFileReference; explicitFileType = wrapper.application; includeInIndex = 0; path = EssentialFeed.app; sourceTree = BUILT_PRODUCTS_DIR; };
		C733CECB29B6B973008EA556 /* AppDelegate.swift */ = {isa = PBXFileReference; lastKnownFileType = sourcecode.swift; path = AppDelegate.swift; sourceTree = "<group>"; };
		C733CECD29B6B973008EA556 /* SceneDelegate.swift */ = {isa = PBXFileReference; lastKnownFileType = sourcecode.swift; path = SceneDelegate.swift; sourceTree = "<group>"; };
		C733CECF29B6B973008EA556 /* ViewController.swift */ = {isa = PBXFileReference; lastKnownFileType = sourcecode.swift; path = ViewController.swift; sourceTree = "<group>"; };
		C733CED229B6B973008EA556 /* Base */ = {isa = PBXFileReference; lastKnownFileType = file.storyboard; name = Base; path = Base.lproj/Main.storyboard; sourceTree = "<group>"; };
		C733CED429B6B977008EA556 /* Assets.xcassets */ = {isa = PBXFileReference; lastKnownFileType = folder.assetcatalog; path = Assets.xcassets; sourceTree = "<group>"; };
		C733CED729B6B977008EA556 /* Base */ = {isa = PBXFileReference; lastKnownFileType = file.storyboard; name = Base; path = Base.lproj/LaunchScreen.storyboard; sourceTree = "<group>"; };
		C733CED929B6B977008EA556 /* Info.plist */ = {isa = PBXFileReference; lastKnownFileType = text.plist.xml; path = Info.plist; sourceTree = "<group>"; };
		C733CEDE29B6B978008EA556 /* EssentialFeedTests.xctest */ = {isa = PBXFileReference; explicitFileType = wrapper.cfbundle; includeInIndex = 0; path = EssentialFeedTests.xctest; sourceTree = BUILT_PRODUCTS_DIR; };
		C733CEE229B6B978008EA556 /* EssentialFeedTests.swift */ = {isa = PBXFileReference; lastKnownFileType = sourcecode.swift; path = EssentialFeedTests.swift; sourceTree = "<group>"; };
		C733CEE829B6B978008EA556 /* EssentialFeedUITests.xctest */ = {isa = PBXFileReference; explicitFileType = wrapper.cfbundle; includeInIndex = 0; path = EssentialFeedUITests.xctest; sourceTree = BUILT_PRODUCTS_DIR; };
		C733CEEC29B6B978008EA556 /* EssentialFeedUITests.swift */ = {isa = PBXFileReference; lastKnownFileType = sourcecode.swift; path = EssentialFeedUITests.swift; sourceTree = "<group>"; };
		C733CEEE29B6B978008EA556 /* EssentialFeedUITestsLaunchTests.swift */ = {isa = PBXFileReference; lastKnownFileType = sourcecode.swift; path = EssentialFeedUITestsLaunchTests.swift; sourceTree = "<group>"; };
		C733CEFB29B6B9A7008EA556 /* FeedImage.swift */ = {isa = PBXFileReference; lastKnownFileType = sourcecode.swift; path = FeedImage.swift; sourceTree = "<group>"; };
		C733CEFD29B6B9FA008EA556 /* FeedLoader.swift */ = {isa = PBXFileReference; lastKnownFileType = sourcecode.swift; path = FeedLoader.swift; sourceTree = "<group>"; };
		C733CF0029B933FD008EA556 /* LoadFeedFromRemoteUseCaseTests.swift */ = {isa = PBXFileReference; lastKnownFileType = sourcecode.swift; path = LoadFeedFromRemoteUseCaseTests.swift; sourceTree = "<group>"; };
		C733CF0229BA8A5B008EA556 /* RemoteFeedLoader.swift */ = {isa = PBXFileReference; lastKnownFileType = sourcecode.swift; path = RemoteFeedLoader.swift; sourceTree = "<group>"; };
		C7489D0E2A02F36F00AAC482 /* URLSessionHTTPClient.swift */ = {isa = PBXFileReference; lastKnownFileType = sourcecode.swift; path = URLSessionHTTPClient.swift; sourceTree = "<group>"; };
		C7489D152A03004E00AAC482 /* EssentialFeedAPIEndToEndTests.xctest */ = {isa = PBXFileReference; explicitFileType = wrapper.cfbundle; includeInIndex = 0; path = EssentialFeedAPIEndToEndTests.xctest; sourceTree = BUILT_PRODUCTS_DIR; };
		C7489D172A03004F00AAC482 /* EssentialFeedAPIEndToEndTests.swift */ = {isa = PBXFileReference; lastKnownFileType = sourcecode.swift; path = EssentialFeedAPIEndToEndTests.swift; sourceTree = "<group>"; };
		C7489D1F2A05959100AAC482 /* Testplan.xctestplan */ = {isa = PBXFileReference; lastKnownFileType = text; path = Testplan.xctestplan; sourceTree = "<group>"; };
		C7489D222A13D27D00AAC482 /* CacheFeedUseCaseTests.swift */ = {isa = PBXFileReference; lastKnownFileType = sourcecode.swift; path = CacheFeedUseCaseTests.swift; sourceTree = "<group>"; };
		C7489D252A168FD800AAC482 /* LocalFeedLoader.swift */ = {isa = PBXFileReference; lastKnownFileType = sourcecode.swift; path = LocalFeedLoader.swift; sourceTree = "<group>"; };
		C7489D282A16904700AAC482 /* FeedStore.swift */ = {isa = PBXFileReference; lastKnownFileType = sourcecode.swift; path = FeedStore.swift; sourceTree = "<group>"; };
		C7489D2B2A16B0BE00AAC482 /* RemoteFeedItem.swift */ = {isa = PBXFileReference; lastKnownFileType = sourcecode.swift; path = RemoteFeedItem.swift; sourceTree = "<group>"; };
		C7489D2D2A16B11500AAC482 /* LocalFeedImage.swift */ = {isa = PBXFileReference; lastKnownFileType = sourcecode.swift; path = LocalFeedImage.swift; sourceTree = "<group>"; };
		C77175B22A425CEA00EBAD23 /* FeedCachePolicy.swift */ = {isa = PBXFileReference; lastKnownFileType = sourcecode.swift; path = FeedCachePolicy.swift; sourceTree = "<group>"; };
		C77175B42A43934600EBAD23 /* CodableFeedStoreTests.swift */ = {isa = PBXFileReference; lastKnownFileType = sourcecode.swift; path = CodableFeedStoreTests.swift; sourceTree = "<group>"; };
		C7EB4B692A2E504D005C2559 /* LoadFeedFromCacheUseCaseTests.swift */ = {isa = PBXFileReference; lastKnownFileType = sourcecode.swift; path = LoadFeedFromCacheUseCaseTests.swift; sourceTree = "<group>"; };
		C7EB4B6B2A2E538E005C2559 /* FeedStoreSpy.swift */ = {isa = PBXFileReference; lastKnownFileType = sourcecode.swift; path = FeedStoreSpy.swift; sourceTree = "<group>"; };
		C7EB4B702A2FBDBF005C2559 /* ValidateFeedCacheUseCaseTests.swift */ = {isa = PBXFileReference; lastKnownFileType = sourcecode.swift; path = ValidateFeedCacheUseCaseTests.swift; sourceTree = "<group>"; };
		C7EB4B722A2FCC24005C2559 /* SharedTestHelpers.swift */ = {isa = PBXFileReference; lastKnownFileType = sourcecode.swift; path = SharedTestHelpers.swift; sourceTree = "<group>"; };
		C7EB4B742A2FCC41005C2559 /* FeedCacheTestHelpers.swift */ = {isa = PBXFileReference; lastKnownFileType = sourcecode.swift; path = FeedCacheTestHelpers.swift; sourceTree = "<group>"; };
/* End PBXFileReference section */

/* Begin PBXFrameworksBuildPhase section */
		0A4336322A7D8C770044E692 /* Frameworks */ = {
			isa = PBXFrameworksBuildPhase;
			buildActionMask = 2147483647;
			files = (
			);
			runOnlyForDeploymentPostprocessing = 0;
		};
		0A43363B2A7D8C780044E692 /* Frameworks */ = {
			isa = PBXFrameworksBuildPhase;
			buildActionMask = 2147483647;
			files = (
				0A43363F2A7D8C780044E692 /* EssentialFeediOS.framework in Frameworks */,
			);
			runOnlyForDeploymentPostprocessing = 0;
		};
		C733CEC529B6B973008EA556 /* Frameworks */ = {
			isa = PBXFrameworksBuildPhase;
			buildActionMask = 2147483647;
			files = (
				0A43364A2A7D8C790044E692 /* EssentialFeediOS.framework in Frameworks */,
			);
			runOnlyForDeploymentPostprocessing = 0;
		};
		C733CEDB29B6B978008EA556 /* Frameworks */ = {
			isa = PBXFrameworksBuildPhase;
			buildActionMask = 2147483647;
			files = (
			);
			runOnlyForDeploymentPostprocessing = 0;
		};
		C733CEE529B6B978008EA556 /* Frameworks */ = {
			isa = PBXFrameworksBuildPhase;
			buildActionMask = 2147483647;
			files = (
			);
			runOnlyForDeploymentPostprocessing = 0;
		};
		C7489D122A03004E00AAC482 /* Frameworks */ = {
			isa = PBXFrameworksBuildPhase;
			buildActionMask = 2147483647;
			files = (
			);
			runOnlyForDeploymentPostprocessing = 0;
		};
/* End PBXFrameworksBuildPhase section */

/* Begin PBXGroup section */
		0A22540A2A5323C700BDD02B /* FeedStoreSpecs */ = {
			isa = PBXGroup;
			children = (
				0A2253FE2A51DC2400BDD02B /* FeedStoreSpecs.swift */,
				0A2254022A51DE6C00BDD02B /* XCTestCase+FeedStoreSpecs.swift */,
				0A2254042A51E25200BDD02B /* XCTestCase+FailableRetrieveFeedStoreSpecs.swift */,
				0A2254062A531B1D00BDD02B /* XCTestCase+FailableInsertFeedStoreSpecs.swift */,
				0A2254082A53223800BDD02B /* XCTestCase+FailableDeleteFeedStoreSpecs.swift */,
			);
			path = FeedStoreSpecs;
			sourceTree = "<group>";
		};
		0A4336362A7D8C770044E692 /* EssentialFeediOS */ = {
			isa = PBXGroup;
			children = (
				0A4336382A7D8C770044E692 /* EssentialFeediOS.docc */,
				0A7940F72A9546D1002430A4 /* FeedImageCell.swift */,
				0A7940F92A9566E1002430A4 /* FeedViewController.swift */,
				0A7940FB2A96897B002430A4 /* UIView+Shimmering.swift */,
			);
			path = EssentialFeediOS;
			sourceTree = "<group>";
		};
		0A4336442A7D8C780044E692 /* EssentialFeediOSTests */ = {
			isa = PBXGroup;
			children = (
				0AB73E492A8AAB5A004CB3FD /* FeedViewControllerTests.swift */,
				0A7940FE2A994ED2002430A4 /* UIImage+TestHelpers.swift */,
				0A7940FD2A994ED2002430A4 /* EssentialFeediOSTests-Bridging-Header.h */,
			);
			path = EssentialFeediOSTests;
			sourceTree = "<group>";
		};
		0A81B2EA2A586F7A005983C7 /* IInfrastructure */ = {
			isa = PBXGroup;
			children = (
				0A22540D2A546C7000BDD02B /* CoreDataFeedStore.swift */,
				0A81B2ED2A5870F1005983C7 /* ManagedCache.swift */,
				0A81B2EF2A58711B005983C7 /* ManagedFeedImage.swift */,
				0A81B2EB2A587076005983C7 /* CoreDataHelpers.swift */,
				0A22540F2A54727200BDD02B /* CoreDataFeedStore.xcdatamodeld */,
			);
			path = IInfrastructure;
			sourceTree = "<group>";
		};
		0AB73E4B2A8AACAE004CB3FD /* Frameworks */ = {
			isa = PBXGroup;
			children = (
			);
			name = Frameworks;
			sourceTree = "<group>";
		};
		C701773029C652930087B195 /* Feed API */ = {
			isa = PBXGroup;
			children = (
				C733CF0029B933FD008EA556 /* LoadFeedFromRemoteUseCaseTests.swift */,
				C70DAAA929CA0BFF00C2A43D /* URLSessionHTTPClientTests.swift */,
				C7489D222A13D27D00AAC482 /* CacheFeedUseCaseTests.swift */,
			);
			path = "Feed API";
			sourceTree = "<group>";
		};
		C7216B5B29D4DAD500D73811 /* Helpers */ = {
			isa = PBXGroup;
			children = (
				C7216B5C29D4DAEF00D73811 /* XCTestCase+MemoryLeakTracking.swift */,
				C7EB4B742A2FCC41005C2559 /* FeedCacheTestHelpers.swift */,
			);
			path = Helpers;
			sourceTree = "<group>";
		};
		C733CEBF29B6B973008EA556 = {
			isa = PBXGroup;
			children = (
				C7489D1F2A05959100AAC482 /* Testplan.xctestplan */,
				C733CECA29B6B973008EA556 /* EssentialFeed */,
				C733CEE129B6B978008EA556 /* EssentialFeedTests */,
				C733CEEB29B6B978008EA556 /* EssentialFeedUITests */,
				C7489D162A03004F00AAC482 /* EssentialFeedAPIEndToEndTests */,
				0A4336362A7D8C770044E692 /* EssentialFeediOS */,
				0A4336442A7D8C780044E692 /* EssentialFeediOSTests */,
				C733CEC929B6B973008EA556 /* Products */,
				0AB73E4B2A8AACAE004CB3FD /* Frameworks */,
			);
			sourceTree = "<group>";
		};
		C733CEC929B6B973008EA556 /* Products */ = {
			isa = PBXGroup;
			children = (
				C733CEC829B6B973008EA556 /* EssentialFeed.app */,
				C733CEDE29B6B978008EA556 /* EssentialFeedTests.xctest */,
				C733CEE829B6B978008EA556 /* EssentialFeedUITests.xctest */,
				C7489D152A03004E00AAC482 /* EssentialFeedAPIEndToEndTests.xctest */,
				0A4336352A7D8C770044E692 /* EssentialFeediOS.framework */,
				0A43363E2A7D8C780044E692 /* EssentialFeediOSTests.xctest */,
			);
			name = Products;
			sourceTree = "<group>";
		};
		C733CECA29B6B973008EA556 /* EssentialFeed */ = {
			isa = PBXGroup;
			children = (
				C733CECB29B6B973008EA556 /* AppDelegate.swift */,
				C733CECD29B6B973008EA556 /* SceneDelegate.swift */,
				C733CEFB29B6B9A7008EA556 /* FeedImage.swift */,
				C7489D252A168FD800AAC482 /* LocalFeedLoader.swift */,
				C7489D282A16904700AAC482 /* FeedStore.swift */,
				C7EB4B6B2A2E538E005C2559 /* FeedStoreSpy.swift */,
				C7489D272A168FEB00AAC482 /* Feed Cache */,
				C733CF0529BA8A7F008EA556 /* Feed API */,
				C733CEFF29B6BAA0008EA556 /* FeedFeature */,
				C733CEFD29B6B9FA008EA556 /* FeedLoader.swift */,
				C733CECF29B6B973008EA556 /* ViewController.swift */,
				C733CED129B6B973008EA556 /* Main.storyboard */,
				0A81B2EA2A586F7A005983C7 /* IInfrastructure */,
				C733CED429B6B977008EA556 /* Assets.xcassets */,
				C733CED629B6B977008EA556 /* LaunchScreen.storyboard */,
				C733CED929B6B977008EA556 /* Info.plist */,
			);
			path = EssentialFeed;
			sourceTree = "<group>";
		};
		C733CEE129B6B978008EA556 /* EssentialFeedTests */ = {
			isa = PBXGroup;
			children = (
				C7EB4B692A2E504D005C2559 /* LoadFeedFromCacheUseCaseTests.swift */,
				C7EB4B702A2FBDBF005C2559 /* ValidateFeedCacheUseCaseTests.swift */,
				C733CEE229B6B978008EA556 /* EssentialFeedTests.swift */,
				C7216B5B29D4DAD500D73811 /* Helpers */,
				C701773029C652930087B195 /* Feed API */,
				C7489D172A03004F00AAC482 /* EssentialFeedAPIEndToEndTests.swift */,
				C7489D242A13D28900AAC482 /* Feed Cache */,
				C7EB4B722A2FCC24005C2559 /* SharedTestHelpers.swift */,
				0A81B2F12A5884C2005983C7 /* EssentialFeedCacheIntegrationTests.swift */,
			);
			path = EssentialFeedTests;
			sourceTree = "<group>";
		};
		C733CEEB29B6B978008EA556 /* EssentialFeedUITests */ = {
			isa = PBXGroup;
			children = (
				C733CEEC29B6B978008EA556 /* EssentialFeedUITests.swift */,
				C733CEEE29B6B978008EA556 /* EssentialFeedUITestsLaunchTests.swift */,
			);
			path = EssentialFeedUITests;
			sourceTree = "<group>";
		};
		C733CEFF29B6BAA0008EA556 /* FeedFeature */ = {
			isa = PBXGroup;
			children = (
			);
			path = FeedFeature;
			sourceTree = "<group>";
		};
		C733CF0529BA8A7F008EA556 /* Feed API */ = {
			isa = PBXGroup;
			children = (
				C733CF0229BA8A5B008EA556 /* RemoteFeedLoader.swift */,
				C701772E29C64CF90087B195 /* FeedItemsMapper.swift */,
				C701772C29C64C010087B195 /* HTTPClient.swift */,
				C7489D0E2A02F36F00AAC482 /* URLSessionHTTPClient.swift */,
				C7489D2B2A16B0BE00AAC482 /* RemoteFeedItem.swift */,
			);
			path = "Feed API";
			sourceTree = "<group>";
		};
		C7489D162A03004F00AAC482 /* EssentialFeedAPIEndToEndTests */ = {
			isa = PBXGroup;
			children = (
			);
			path = EssentialFeedAPIEndToEndTests;
			sourceTree = "<group>";
		};
		C7489D242A13D28900AAC482 /* Feed Cache */ = {
			isa = PBXGroup;
			children = (
				C7EB4B6D2A2E53A8005C2559 /* Helpers */,
				C77175B42A43934600EBAD23 /* CodableFeedStoreTests.swift */,
				0A22540A2A5323C700BDD02B /* FeedStoreSpecs */,
				0A22540B2A546AD000BDD02B /* CoreDataFeedStoreTests.swift */,
			);
			path = "Feed Cache";
			sourceTree = "<group>";
		};
		C7489D272A168FEB00AAC482 /* Feed Cache */ = {
			isa = PBXGroup;
			children = (
				C7489D2D2A16B11500AAC482 /* LocalFeedImage.swift */,
				C77175B22A425CEA00EBAD23 /* FeedCachePolicy.swift */,
				0A2254002A51DCE200BDD02B /* CodableFeedStore.swift */,
			);
			path = "Feed Cache";
			sourceTree = "<group>";
		};
		C7EB4B6D2A2E53A8005C2559 /* Helpers */ = {
			isa = PBXGroup;
			children = (
			);
			path = Helpers;
			sourceTree = "<group>";
		};
/* End PBXGroup section */

/* Begin PBXHeadersBuildPhase section */
		0A4336302A7D8C770044E692 /* Headers */ = {
			isa = PBXHeadersBuildPhase;
			buildActionMask = 2147483647;
			files = (
			);
			runOnlyForDeploymentPostprocessing = 0;
		};
/* End PBXHeadersBuildPhase section */

/* Begin PBXNativeTarget section */
		0A4336342A7D8C770044E692 /* EssentialFeediOS */ = {
			isa = PBXNativeTarget;
			buildConfigurationList = 0A43364C2A7D8C790044E692 /* Build configuration list for PBXNativeTarget "EssentialFeediOS" */;
			buildPhases = (
				0A4336302A7D8C770044E692 /* Headers */,
				0A4336312A7D8C770044E692 /* Sources */,
				0A4336322A7D8C770044E692 /* Frameworks */,
				0A4336332A7D8C770044E692 /* Resources */,
			);
			buildRules = (
			);
			dependencies = (
			);
			name = EssentialFeediOS;
			productName = EssentialFeediOS;
			productReference = 0A4336352A7D8C770044E692 /* EssentialFeediOS.framework */;
			productType = "com.apple.product-type.framework";
		};
		0A43363D2A7D8C780044E692 /* EssentialFeediOSTests */ = {
			isa = PBXNativeTarget;
			buildConfigurationList = 0A4336502A7D8C790044E692 /* Build configuration list for PBXNativeTarget "EssentialFeediOSTests" */;
			buildPhases = (
				0A43363A2A7D8C780044E692 /* Sources */,
				0A43363B2A7D8C780044E692 /* Frameworks */,
				0A43363C2A7D8C780044E692 /* Resources */,
			);
			buildRules = (
			);
			dependencies = (
				0A4336412A7D8C780044E692 /* PBXTargetDependency */,
				0A4336432A7D8C780044E692 /* PBXTargetDependency */,
			);
			name = EssentialFeediOSTests;
			productName = EssentialFeediOSTests;
			productReference = 0A43363E2A7D8C780044E692 /* EssentialFeediOSTests.xctest */;
			productType = "com.apple.product-type.bundle.unit-test";
		};
		C733CEC729B6B973008EA556 /* EssentialFeed */ = {
			isa = PBXNativeTarget;
			buildConfigurationList = C733CEF229B6B978008EA556 /* Build configuration list for PBXNativeTarget "EssentialFeed" */;
			buildPhases = (
				C733CEC429B6B973008EA556 /* Sources */,
				C733CEC529B6B973008EA556 /* Frameworks */,
				C733CEC629B6B973008EA556 /* Resources */,
				0A43364F2A7D8C790044E692 /* Embed Frameworks */,
			);
			buildRules = (
			);
			dependencies = (
				0A4336492A7D8C790044E692 /* PBXTargetDependency */,
			);
			name = EssentialFeed;
			productName = EssentialFeed;
			productReference = C733CEC829B6B973008EA556 /* EssentialFeed.app */;
			productType = "com.apple.product-type.application";
		};
		C733CEDD29B6B978008EA556 /* EssentialFeedTests */ = {
			isa = PBXNativeTarget;
			buildConfigurationList = C733CEF529B6B978008EA556 /* Build configuration list for PBXNativeTarget "EssentialFeedTests" */;
			buildPhases = (
				C733CEDA29B6B978008EA556 /* Sources */,
				C733CEDB29B6B978008EA556 /* Frameworks */,
				C733CEDC29B6B978008EA556 /* Resources */,
			);
			buildRules = (
			);
			dependencies = (
				C733CEE029B6B978008EA556 /* PBXTargetDependency */,
			);
			name = EssentialFeedTests;
			productName = EssentialFeedTests;
			productReference = C733CEDE29B6B978008EA556 /* EssentialFeedTests.xctest */;
			productType = "com.apple.product-type.bundle.unit-test";
		};
		C733CEE729B6B978008EA556 /* EssentialFeedUITests */ = {
			isa = PBXNativeTarget;
			buildConfigurationList = C733CEF829B6B978008EA556 /* Build configuration list for PBXNativeTarget "EssentialFeedUITests" */;
			buildPhases = (
				C733CEE429B6B978008EA556 /* Sources */,
				C733CEE529B6B978008EA556 /* Frameworks */,
				C733CEE629B6B978008EA556 /* Resources */,
			);
			buildRules = (
			);
			dependencies = (
				C733CEEA29B6B978008EA556 /* PBXTargetDependency */,
			);
			name = EssentialFeedUITests;
			productName = EssentialFeedUITests;
			productReference = C733CEE829B6B978008EA556 /* EssentialFeedUITests.xctest */;
			productType = "com.apple.product-type.bundle.ui-testing";
		};
		C7489D142A03004E00AAC482 /* EssentialFeedAPIEndToEndTests */ = {
			isa = PBXNativeTarget;
			buildConfigurationList = C7489D192A03004F00AAC482 /* Build configuration list for PBXNativeTarget "EssentialFeedAPIEndToEndTests" */;
			buildPhases = (
				C7489D112A03004E00AAC482 /* Sources */,
				C7489D122A03004E00AAC482 /* Frameworks */,
				C7489D132A03004E00AAC482 /* Resources */,
			);
			buildRules = (
			);
			dependencies = (
			);
			name = EssentialFeedAPIEndToEndTests;
			productName = EssentialFeedAPIEndToEndTests;
			productReference = C7489D152A03004E00AAC482 /* EssentialFeedAPIEndToEndTests.xctest */;
			productType = "com.apple.product-type.bundle.unit-test";
		};
/* End PBXNativeTarget section */

/* Begin PBXProject section */
		C733CEC029B6B973008EA556 /* Project object */ = {
			isa = PBXProject;
			attributes = {
				BuildIndependentTargetsInParallel = 1;
				LastSwiftUpdateCheck = 1430;
				LastUpgradeCheck = 1340;
				TargetAttributes = {
					0A4336342A7D8C770044E692 = {
						CreatedOnToolsVersion = 14.3.1;
					};
					0A43363D2A7D8C780044E692 = {
						CreatedOnToolsVersion = 14.3.1;
						LastSwiftMigration = 1430;
						TestTargetID = C733CEC729B6B973008EA556;
					};
					C733CEC729B6B973008EA556 = {
						CreatedOnToolsVersion = 13.4;
					};
					C733CEDD29B6B978008EA556 = {
						CreatedOnToolsVersion = 13.4;
						TestTargetID = C733CEC729B6B973008EA556;
					};
					C733CEE729B6B978008EA556 = {
						CreatedOnToolsVersion = 13.4;
						TestTargetID = C733CEC729B6B973008EA556;
					};
					C7489D142A03004E00AAC482 = {
						CreatedOnToolsVersion = 14.3;
					};
				};
			};
			buildConfigurationList = C733CEC329B6B973008EA556 /* Build configuration list for PBXProject "EssentialFeed" */;
			compatibilityVersion = "Xcode 13.0";
			developmentRegion = en;
			hasScannedForEncodings = 0;
			knownRegions = (
				en,
				Base,
			);
			mainGroup = C733CEBF29B6B973008EA556;
			productRefGroup = C733CEC929B6B973008EA556 /* Products */;
			projectDirPath = "";
			projectRoot = "";
			targets = (
				C733CEC729B6B973008EA556 /* EssentialFeed */,
				C733CEDD29B6B978008EA556 /* EssentialFeedTests */,
				C733CEE729B6B978008EA556 /* EssentialFeedUITests */,
				C7489D142A03004E00AAC482 /* EssentialFeedAPIEndToEndTests */,
				0A4336342A7D8C770044E692 /* EssentialFeediOS */,
				0A43363D2A7D8C780044E692 /* EssentialFeediOSTests */,
			);
		};
/* End PBXProject section */

/* Begin PBXResourcesBuildPhase section */
		0A4336332A7D8C770044E692 /* Resources */ = {
			isa = PBXResourcesBuildPhase;
			buildActionMask = 2147483647;
			files = (
			);
			runOnlyForDeploymentPostprocessing = 0;
		};
		0A43363C2A7D8C780044E692 /* Resources */ = {
			isa = PBXResourcesBuildPhase;
			buildActionMask = 2147483647;
			files = (
			);
			runOnlyForDeploymentPostprocessing = 0;
		};
		C733CEC629B6B973008EA556 /* Resources */ = {
			isa = PBXResourcesBuildPhase;
			buildActionMask = 2147483647;
			files = (
				C733CED829B6B977008EA556 /* LaunchScreen.storyboard in Resources */,
				C733CED529B6B977008EA556 /* Assets.xcassets in Resources */,
				C733CED329B6B973008EA556 /* Main.storyboard in Resources */,
			);
			runOnlyForDeploymentPostprocessing = 0;
		};
		C733CEDC29B6B978008EA556 /* Resources */ = {
			isa = PBXResourcesBuildPhase;
			buildActionMask = 2147483647;
			files = (
			);
			runOnlyForDeploymentPostprocessing = 0;
		};
		C733CEE629B6B978008EA556 /* Resources */ = {
			isa = PBXResourcesBuildPhase;
			buildActionMask = 2147483647;
			files = (
			);
			runOnlyForDeploymentPostprocessing = 0;
		};
		C7489D132A03004E00AAC482 /* Resources */ = {
			isa = PBXResourcesBuildPhase;
			buildActionMask = 2147483647;
			files = (
			);
			runOnlyForDeploymentPostprocessing = 0;
		};
/* End PBXResourcesBuildPhase section */

/* Begin PBXSourcesBuildPhase section */
		0A4336312A7D8C770044E692 /* Sources */ = {
			isa = PBXSourcesBuildPhase;
			buildActionMask = 2147483647;
			files = (
				0A4336392A7D8C770044E692 /* EssentialFeediOS.docc in Sources */,
				0A7940FC2A96897C002430A4 /* UIView+Shimmering.swift in Sources */,
				0A7940FA2A9566E1002430A4 /* FeedViewController.swift in Sources */,
				0A7940F82A9546D1002430A4 /* FeedImageCell.swift in Sources */,
			);
			runOnlyForDeploymentPostprocessing = 0;
		};
		0A43363A2A7D8C780044E692 /* Sources */ = {
			isa = PBXSourcesBuildPhase;
			buildActionMask = 2147483647;
			files = (
				0A7940FF2A994ED2002430A4 /* UIImage+TestHelpers.swift in Sources */,
			);
			runOnlyForDeploymentPostprocessing = 0;
		};
		C733CEC429B6B973008EA556 /* Sources */ = {
			isa = PBXSourcesBuildPhase;
			buildActionMask = 2147483647;
			files = (
				C7489D2E2A16B11500AAC482 /* LocalFeedImage.swift in Sources */,
				C733CEFC29B6B9A8008EA556 /* FeedImage.swift in Sources */,
				0A22540E2A546C7000BDD02B /* CoreDataFeedStore.swift in Sources */,
				C77175B32A425CEA00EBAD23 /* FeedCachePolicy.swift in Sources */,
				0A2254112A54727200BDD02B /* CoreDataFeedStore.xcdatamodeld in Sources */,
				C7489D292A16904700AAC482 /* FeedStore.swift in Sources */,
				C7489D2C2A16B0BE00AAC482 /* RemoteFeedItem.swift in Sources */,
				C7EB4B6E2A2E5610005C2559 /* FeedStoreSpy.swift in Sources */,
				C733CED029B6B973008EA556 /* ViewController.swift in Sources */,
				C733CECC29B6B973008EA556 /* AppDelegate.swift in Sources */,
				0A81B2EE2A5870F1005983C7 /* ManagedCache.swift in Sources */,
				C701772F29C64CF90087B195 /* FeedItemsMapper.swift in Sources */,
				C7489D262A168FD800AAC482 /* LocalFeedLoader.swift in Sources */,
				C701772D29C64C010087B195 /* HTTPClient.swift in Sources */,
				C733CEFE29B6B9FA008EA556 /* FeedLoader.swift in Sources */,
				0A2254012A51DCE200BDD02B /* CodableFeedStore.swift in Sources */,
				0A81B2EC2A587076005983C7 /* CoreDataHelpers.swift in Sources */,
				C733CF0429BA8A6E008EA556 /* RemoteFeedLoader.swift in Sources */,
				0A81B2F02A58711B005983C7 /* ManagedFeedImage.swift in Sources */,
				C733CECE29B6B973008EA556 /* SceneDelegate.swift in Sources */,
				C7489D0F2A02F36F00AAC482 /* URLSessionHTTPClient.swift in Sources */,
			);
			runOnlyForDeploymentPostprocessing = 0;
		};
		C733CEDA29B6B978008EA556 /* Sources */ = {
			isa = PBXSourcesBuildPhase;
			buildActionMask = 2147483647;
			files = (
				0A81B2F22A5884C2005983C7 /* EssentialFeedCacheIntegrationTests.swift in Sources */,
				0A2254032A51DE6C00BDD02B /* XCTestCase+FeedStoreSpecs.swift in Sources */,
				C77175B52A43934600EBAD23 /* CodableFeedStoreTests.swift in Sources */,
				0AB73E4A2A8AAB5A004CB3FD /* FeedViewControllerTests.swift in Sources */,
				C733CF0129B933FD008EA556 /* LoadFeedFromRemoteUseCaseTests.swift in Sources */,
				0A22540C2A546AD000BDD02B /* CoreDataFeedStoreTests.swift in Sources */,
				0A2254052A51E25200BDD02B /* XCTestCase+FailableRetrieveFeedStoreSpecs.swift in Sources */,
				C7216B5D29D4DAEF00D73811 /* XCTestCase+MemoryLeakTracking.swift in Sources */,
				C7489D232A13D27D00AAC482 /* CacheFeedUseCaseTests.swift in Sources */,
				C70DAAAB29CA0FD800C2A43D /* URLSessionHTTPClientTests.swift in Sources */,
				C7EB4B712A2FBDBF005C2559 /* ValidateFeedCacheUseCaseTests.swift in Sources */,
				C7EB4B732A2FCC24005C2559 /* SharedTestHelpers.swift in Sources */,
				C7489D1D2A05904800AAC482 /* EssentialFeedAPIEndToEndTests.swift in Sources */,
				C733CEE329B6B978008EA556 /* EssentialFeedTests.swift in Sources */,
				C7EB4B752A2FCC41005C2559 /* FeedCacheTestHelpers.swift in Sources */,
				0A2254092A53223800BDD02B /* XCTestCase+FailableDeleteFeedStoreSpecs.swift in Sources */,
				0A2253FF2A51DC2400BDD02B /* FeedStoreSpecs.swift in Sources */,
				C7EB4B6A2A2E504D005C2559 /* LoadFeedFromCacheUseCaseTests.swift in Sources */,
				0A2254072A531B1D00BDD02B /* XCTestCase+FailableInsertFeedStoreSpecs.swift in Sources */,
			);
			runOnlyForDeploymentPostprocessing = 0;
		};
		C733CEE429B6B978008EA556 /* Sources */ = {
			isa = PBXSourcesBuildPhase;
			buildActionMask = 2147483647;
			files = (
				C733CEED29B6B978008EA556 /* EssentialFeedUITests.swift in Sources */,
				C733CEEF29B6B978008EA556 /* EssentialFeedUITestsLaunchTests.swift in Sources */,
			);
			runOnlyForDeploymentPostprocessing = 0;
		};
		C7489D112A03004E00AAC482 /* Sources */ = {
			isa = PBXSourcesBuildPhase;
			buildActionMask = 2147483647;
			files = (
				C7489D1E2A05941500AAC482 /* XCTestCase+MemoryLeakTracking.swift in Sources */,
			);
			runOnlyForDeploymentPostprocessing = 0;
		};
/* End PBXSourcesBuildPhase section */

/* Begin PBXTargetDependency section */
		0A4336412A7D8C780044E692 /* PBXTargetDependency */ = {
			isa = PBXTargetDependency;
			target = 0A4336342A7D8C770044E692 /* EssentialFeediOS */;
			targetProxy = 0A4336402A7D8C780044E692 /* PBXContainerItemProxy */;
		};
		0A4336432A7D8C780044E692 /* PBXTargetDependency */ = {
			isa = PBXTargetDependency;
			target = C733CEC729B6B973008EA556 /* EssentialFeed */;
			targetProxy = 0A4336422A7D8C780044E692 /* PBXContainerItemProxy */;
		};
		0A4336492A7D8C790044E692 /* PBXTargetDependency */ = {
			isa = PBXTargetDependency;
			target = 0A4336342A7D8C770044E692 /* EssentialFeediOS */;
			targetProxy = 0A4336482A7D8C790044E692 /* PBXContainerItemProxy */;
		};
		C733CEE029B6B978008EA556 /* PBXTargetDependency */ = {
			isa = PBXTargetDependency;
			target = C733CEC729B6B973008EA556 /* EssentialFeed */;
			targetProxy = C733CEDF29B6B978008EA556 /* PBXContainerItemProxy */;
		};
		C733CEEA29B6B978008EA556 /* PBXTargetDependency */ = {
			isa = PBXTargetDependency;
			target = C733CEC729B6B973008EA556 /* EssentialFeed */;
			targetProxy = C733CEE929B6B978008EA556 /* PBXContainerItemProxy */;
		};
/* End PBXTargetDependency section */

/* Begin PBXVariantGroup section */
		C733CED129B6B973008EA556 /* Main.storyboard */ = {
			isa = PBXVariantGroup;
			children = (
				C733CED229B6B973008EA556 /* Base */,
			);
			name = Main.storyboard;
			sourceTree = "<group>";
		};
		C733CED629B6B977008EA556 /* LaunchScreen.storyboard */ = {
			isa = PBXVariantGroup;
			children = (
				C733CED729B6B977008EA556 /* Base */,
			);
			name = LaunchScreen.storyboard;
			sourceTree = "<group>";
		};
/* End PBXVariantGroup section */

/* Begin XCBuildConfiguration section */
		0A43364D2A7D8C790044E692 /* Debug */ = {
			isa = XCBuildConfiguration;
			buildSettings = {
				CLANG_CXX_LANGUAGE_STANDARD = "gnu++20";
				CODE_SIGN_STYLE = Automatic;
				CURRENT_PROJECT_VERSION = 1;
				DEFINES_MODULE = YES;
				DEVELOPMENT_TEAM = 7YXV5KMMJM;
				DYLIB_COMPATIBILITY_VERSION = 1;
				DYLIB_CURRENT_VERSION = 1;
				DYLIB_INSTALL_NAME_BASE = "@rpath";
				ENABLE_MODULE_VERIFIER = YES;
				GENERATE_INFOPLIST_FILE = YES;
				INFOPLIST_KEY_NSHumanReadableCopyright = "";
				INSTALL_PATH = "$(LOCAL_LIBRARY_DIR)/Frameworks";
				IPHONEOS_DEPLOYMENT_TARGET = 15.0;
				LD_RUNPATH_SEARCH_PATHS = (
					"$(inherited)",
					"@executable_path/Frameworks",
					"@loader_path/Frameworks",
				);
				MARKETING_VERSION = 1.0;
				MODULE_VERIFIER_SUPPORTED_LANGUAGES = "objective-c objective-c++";
				MODULE_VERIFIER_SUPPORTED_LANGUAGE_STANDARDS = "gnu11 gnu++20";
				PRODUCT_BUNDLE_IDENTIFIER = com.Zouf.EssentialFeediOS;
				PRODUCT_NAME = "$(TARGET_NAME:c99extidentifier)";
				SKIP_INSTALL = YES;
				SWIFT_EMIT_LOC_STRINGS = YES;
				SWIFT_VERSION = 5.0;
				TARGETED_DEVICE_FAMILY = "1,2";
				VERSIONING_SYSTEM = "apple-generic";
				VERSION_INFO_PREFIX = "";
			};
			name = Debug;
		};
		0A43364E2A7D8C790044E692 /* Release */ = {
			isa = XCBuildConfiguration;
			buildSettings = {
				CLANG_CXX_LANGUAGE_STANDARD = "gnu++20";
				CODE_SIGN_STYLE = Automatic;
				CURRENT_PROJECT_VERSION = 1;
				DEFINES_MODULE = YES;
				DEVELOPMENT_TEAM = 7YXV5KMMJM;
				DYLIB_COMPATIBILITY_VERSION = 1;
				DYLIB_CURRENT_VERSION = 1;
				DYLIB_INSTALL_NAME_BASE = "@rpath";
				ENABLE_MODULE_VERIFIER = YES;
				GENERATE_INFOPLIST_FILE = YES;
				INFOPLIST_KEY_NSHumanReadableCopyright = "";
				INSTALL_PATH = "$(LOCAL_LIBRARY_DIR)/Frameworks";
				IPHONEOS_DEPLOYMENT_TARGET = 15.0;
				LD_RUNPATH_SEARCH_PATHS = (
					"$(inherited)",
					"@executable_path/Frameworks",
					"@loader_path/Frameworks",
				);
				MARKETING_VERSION = 1.0;
				MODULE_VERIFIER_SUPPORTED_LANGUAGES = "objective-c objective-c++";
				MODULE_VERIFIER_SUPPORTED_LANGUAGE_STANDARDS = "gnu11 gnu++20";
				PRODUCT_BUNDLE_IDENTIFIER = com.Zouf.EssentialFeediOS;
				PRODUCT_NAME = "$(TARGET_NAME:c99extidentifier)";
				SKIP_INSTALL = YES;
				SWIFT_EMIT_LOC_STRINGS = YES;
				SWIFT_VERSION = 5.0;
				TARGETED_DEVICE_FAMILY = "1,2";
				VERSIONING_SYSTEM = "apple-generic";
				VERSION_INFO_PREFIX = "";
			};
			name = Release;
		};
		0A4336512A7D8C790044E692 /* Debug */ = {
			isa = XCBuildConfiguration;
			buildSettings = {
				ALWAYS_EMBED_SWIFT_STANDARD_LIBRARIES = YES;
				CLANG_CXX_LANGUAGE_STANDARD = "gnu++20";
				CLANG_ENABLE_MODULES = YES;
				CODE_SIGN_STYLE = Automatic;
				CURRENT_PROJECT_VERSION = 1;
				DEVELOPMENT_TEAM = PL82FBEDAB;
				GENERATE_INFOPLIST_FILE = YES;
				IPHONEOS_DEPLOYMENT_TARGET = 16.4;
				MARKETING_VERSION = 1.0;
				PRODUCT_BUNDLE_IDENTIFIER = com.Zouf.EssentialFeediOSTests;
				PRODUCT_NAME = "$(TARGET_NAME)";
				SWIFT_EMIT_LOC_STRINGS = NO;
				SWIFT_OBJC_BRIDGING_HEADER = "EssentialFeediOSTests/EssentialFeediOSTests-Bridging-Header.h";
				SWIFT_OPTIMIZATION_LEVEL = "-Onone";
				SWIFT_VERSION = 5.0;
				TARGETED_DEVICE_FAMILY = "1,2";
				TEST_HOST = "$(BUILT_PRODUCTS_DIR)/EssentialFeed.app/$(BUNDLE_EXECUTABLE_FOLDER_PATH)/EssentialFeed";
			};
			name = Debug;
		};
		0A4336522A7D8C790044E692 /* Release */ = {
			isa = XCBuildConfiguration;
			buildSettings = {
				ALWAYS_EMBED_SWIFT_STANDARD_LIBRARIES = YES;
				CLANG_CXX_LANGUAGE_STANDARD = "gnu++20";
				CLANG_ENABLE_MODULES = YES;
				CODE_SIGN_STYLE = Automatic;
				CURRENT_PROJECT_VERSION = 1;
				DEVELOPMENT_TEAM = PL82FBEDAB;
				GENERATE_INFOPLIST_FILE = YES;
				IPHONEOS_DEPLOYMENT_TARGET = 16.4;
				MARKETING_VERSION = 1.0;
				PRODUCT_BUNDLE_IDENTIFIER = com.Zouf.EssentialFeediOSTests;
				PRODUCT_NAME = "$(TARGET_NAME)";
				SWIFT_EMIT_LOC_STRINGS = NO;
				SWIFT_OBJC_BRIDGING_HEADER = "EssentialFeediOSTests/EssentialFeediOSTests-Bridging-Header.h";
				SWIFT_VERSION = 5.0;
				TARGETED_DEVICE_FAMILY = "1,2";
				TEST_HOST = "$(BUILT_PRODUCTS_DIR)/EssentialFeed.app/$(BUNDLE_EXECUTABLE_FOLDER_PATH)/EssentialFeed";
			};
			name = Release;
		};
		C733CEF029B6B978008EA556 /* Debug */ = {
			isa = XCBuildConfiguration;
			buildSettings = {
				ALWAYS_SEARCH_USER_PATHS = NO;
				CLANG_ANALYZER_NONNULL = YES;
				CLANG_ANALYZER_NUMBER_OBJECT_CONVERSION = YES_AGGRESSIVE;
				CLANG_CXX_LANGUAGE_STANDARD = "gnu++17";
				CLANG_ENABLE_MODULES = YES;
				CLANG_ENABLE_OBJC_ARC = YES;
				CLANG_ENABLE_OBJC_WEAK = YES;
				CLANG_WARN_BLOCK_CAPTURE_AUTORELEASING = YES;
				CLANG_WARN_BOOL_CONVERSION = YES;
				CLANG_WARN_COMMA = YES;
				CLANG_WARN_CONSTANT_CONVERSION = YES;
				CLANG_WARN_DEPRECATED_OBJC_IMPLEMENTATIONS = YES;
				CLANG_WARN_DIRECT_OBJC_ISA_USAGE = YES_ERROR;
				CLANG_WARN_DOCUMENTATION_COMMENTS = YES;
				CLANG_WARN_EMPTY_BODY = YES;
				CLANG_WARN_ENUM_CONVERSION = YES;
				CLANG_WARN_INFINITE_RECURSION = YES;
				CLANG_WARN_INT_CONVERSION = YES;
				CLANG_WARN_NON_LITERAL_NULL_CONVERSION = YES;
				CLANG_WARN_OBJC_IMPLICIT_RETAIN_SELF = YES;
				CLANG_WARN_OBJC_LITERAL_CONVERSION = YES;
				CLANG_WARN_OBJC_ROOT_CLASS = YES_ERROR;
				CLANG_WARN_QUOTED_INCLUDE_IN_FRAMEWORK_HEADER = YES;
				CLANG_WARN_RANGE_LOOP_ANALYSIS = YES;
				CLANG_WARN_STRICT_PROTOTYPES = YES;
				CLANG_WARN_SUSPICIOUS_MOVE = YES;
				CLANG_WARN_UNGUARDED_AVAILABILITY = YES_AGGRESSIVE;
				CLANG_WARN_UNREACHABLE_CODE = YES;
				CLANG_WARN__DUPLICATE_METHOD_MATCH = YES;
				COPY_PHASE_STRIP = NO;
				DEBUG_INFORMATION_FORMAT = dwarf;
				ENABLE_STRICT_OBJC_MSGSEND = YES;
				ENABLE_TESTABILITY = YES;
				GCC_C_LANGUAGE_STANDARD = gnu11;
				GCC_DYNAMIC_NO_PIC = NO;
				GCC_NO_COMMON_BLOCKS = YES;
				GCC_OPTIMIZATION_LEVEL = 0;
				GCC_PREPROCESSOR_DEFINITIONS = (
					"DEBUG=1",
					"$(inherited)",
				);
				GCC_WARN_64_TO_32_BIT_CONVERSION = YES;
				GCC_WARN_ABOUT_RETURN_TYPE = YES_ERROR;
				GCC_WARN_UNDECLARED_SELECTOR = YES;
				GCC_WARN_UNINITIALIZED_AUTOS = YES_AGGRESSIVE;
				GCC_WARN_UNUSED_FUNCTION = YES;
				GCC_WARN_UNUSED_VARIABLE = YES;
				IPHONEOS_DEPLOYMENT_TARGET = 15.5;
				MTL_ENABLE_DEBUG_INFO = INCLUDE_SOURCE;
				MTL_FAST_MATH = YES;
				ONLY_ACTIVE_ARCH = YES;
				SDKROOT = iphoneos;
				SWIFT_ACTIVE_COMPILATION_CONDITIONS = DEBUG;
				SWIFT_OPTIMIZATION_LEVEL = "-Onone";
			};
			name = Debug;
		};
		C733CEF129B6B978008EA556 /* Release */ = {
			isa = XCBuildConfiguration;
			buildSettings = {
				ALWAYS_SEARCH_USER_PATHS = NO;
				CLANG_ANALYZER_NONNULL = YES;
				CLANG_ANALYZER_NUMBER_OBJECT_CONVERSION = YES_AGGRESSIVE;
				CLANG_CXX_LANGUAGE_STANDARD = "gnu++17";
				CLANG_ENABLE_MODULES = YES;
				CLANG_ENABLE_OBJC_ARC = YES;
				CLANG_ENABLE_OBJC_WEAK = YES;
				CLANG_WARN_BLOCK_CAPTURE_AUTORELEASING = YES;
				CLANG_WARN_BOOL_CONVERSION = YES;
				CLANG_WARN_COMMA = YES;
				CLANG_WARN_CONSTANT_CONVERSION = YES;
				CLANG_WARN_DEPRECATED_OBJC_IMPLEMENTATIONS = YES;
				CLANG_WARN_DIRECT_OBJC_ISA_USAGE = YES_ERROR;
				CLANG_WARN_DOCUMENTATION_COMMENTS = YES;
				CLANG_WARN_EMPTY_BODY = YES;
				CLANG_WARN_ENUM_CONVERSION = YES;
				CLANG_WARN_INFINITE_RECURSION = YES;
				CLANG_WARN_INT_CONVERSION = YES;
				CLANG_WARN_NON_LITERAL_NULL_CONVERSION = YES;
				CLANG_WARN_OBJC_IMPLICIT_RETAIN_SELF = YES;
				CLANG_WARN_OBJC_LITERAL_CONVERSION = YES;
				CLANG_WARN_OBJC_ROOT_CLASS = YES_ERROR;
				CLANG_WARN_QUOTED_INCLUDE_IN_FRAMEWORK_HEADER = YES;
				CLANG_WARN_RANGE_LOOP_ANALYSIS = YES;
				CLANG_WARN_STRICT_PROTOTYPES = YES;
				CLANG_WARN_SUSPICIOUS_MOVE = YES;
				CLANG_WARN_UNGUARDED_AVAILABILITY = YES_AGGRESSIVE;
				CLANG_WARN_UNREACHABLE_CODE = YES;
				CLANG_WARN__DUPLICATE_METHOD_MATCH = YES;
				COPY_PHASE_STRIP = NO;
				DEBUG_INFORMATION_FORMAT = "dwarf-with-dsym";
				ENABLE_NS_ASSERTIONS = NO;
				ENABLE_STRICT_OBJC_MSGSEND = YES;
				GCC_C_LANGUAGE_STANDARD = gnu11;
				GCC_NO_COMMON_BLOCKS = YES;
				GCC_WARN_64_TO_32_BIT_CONVERSION = YES;
				GCC_WARN_ABOUT_RETURN_TYPE = YES_ERROR;
				GCC_WARN_UNDECLARED_SELECTOR = YES;
				GCC_WARN_UNINITIALIZED_AUTOS = YES_AGGRESSIVE;
				GCC_WARN_UNUSED_FUNCTION = YES;
				GCC_WARN_UNUSED_VARIABLE = YES;
				IPHONEOS_DEPLOYMENT_TARGET = 15.5;
				MTL_ENABLE_DEBUG_INFO = NO;
				MTL_FAST_MATH = YES;
				SDKROOT = iphoneos;
				SWIFT_COMPILATION_MODE = wholemodule;
				SWIFT_OPTIMIZATION_LEVEL = "-O";
				VALIDATE_PRODUCT = YES;
			};
			name = Release;
		};
		C733CEF329B6B978008EA556 /* Debug */ = {
			isa = XCBuildConfiguration;
			buildSettings = {
				ALWAYS_EMBED_SWIFT_STANDARD_LIBRARIES = YES;
				ASSETCATALOG_COMPILER_APPICON_NAME = AppIcon;
				ASSETCATALOG_COMPILER_GLOBAL_ACCENT_COLOR_NAME = AccentColor;
				CODE_SIGN_STYLE = Automatic;
				CURRENT_PROJECT_VERSION = 1;
				DEVELOPMENT_TEAM = 7YXV5KMMJM;
				GENERATE_INFOPLIST_FILE = YES;
				INFOPLIST_FILE = EssentialFeed/Info.plist;
				INFOPLIST_KEY_UIApplicationSupportsIndirectInputEvents = YES;
				INFOPLIST_KEY_UILaunchStoryboardName = LaunchScreen;
				INFOPLIST_KEY_UIMainStoryboardFile = Main;
				INFOPLIST_KEY_UISupportedInterfaceOrientations_iPad = "UIInterfaceOrientationPortrait UIInterfaceOrientationPortraitUpsideDown UIInterfaceOrientationLandscapeLeft UIInterfaceOrientationLandscapeRight";
				INFOPLIST_KEY_UISupportedInterfaceOrientations_iPhone = "UIInterfaceOrientationPortrait UIInterfaceOrientationLandscapeLeft UIInterfaceOrientationLandscapeRight";
				LD_RUNPATH_SEARCH_PATHS = (
					"$(inherited)",
					"@executable_path/Frameworks",
				);
				MARKETING_VERSION = 1.0;
				PRODUCT_BUNDLE_IDENTIFIER = com.TheWing.EssentialFeed;
				PRODUCT_NAME = "$(TARGET_NAME)";
				SUPPORTED_PLATFORMS = "macosx iphonesimulator iphoneos";
				SWIFT_EMIT_LOC_STRINGS = YES;
				SWIFT_VERSION = 5.0;
				TARGETED_DEVICE_FAMILY = "1,2";
			};
			name = Debug;
		};
		C733CEF429B6B978008EA556 /* Release */ = {
			isa = XCBuildConfiguration;
			buildSettings = {
				ALWAYS_EMBED_SWIFT_STANDARD_LIBRARIES = YES;
				ASSETCATALOG_COMPILER_APPICON_NAME = AppIcon;
				ASSETCATALOG_COMPILER_GLOBAL_ACCENT_COLOR_NAME = AccentColor;
				CODE_SIGN_STYLE = Automatic;
				CURRENT_PROJECT_VERSION = 1;
				DEVELOPMENT_TEAM = 7YXV5KMMJM;
				GENERATE_INFOPLIST_FILE = YES;
				INFOPLIST_FILE = EssentialFeed/Info.plist;
				INFOPLIST_KEY_UIApplicationSupportsIndirectInputEvents = YES;
				INFOPLIST_KEY_UILaunchStoryboardName = LaunchScreen;
				INFOPLIST_KEY_UIMainStoryboardFile = Main;
				INFOPLIST_KEY_UISupportedInterfaceOrientations_iPad = "UIInterfaceOrientationPortrait UIInterfaceOrientationPortraitUpsideDown UIInterfaceOrientationLandscapeLeft UIInterfaceOrientationLandscapeRight";
				INFOPLIST_KEY_UISupportedInterfaceOrientations_iPhone = "UIInterfaceOrientationPortrait UIInterfaceOrientationLandscapeLeft UIInterfaceOrientationLandscapeRight";
				LD_RUNPATH_SEARCH_PATHS = (
					"$(inherited)",
					"@executable_path/Frameworks",
				);
				MARKETING_VERSION = 1.0;
				PRODUCT_BUNDLE_IDENTIFIER = com.TheWing.EssentialFeed;
				PRODUCT_NAME = "$(TARGET_NAME)";
				SUPPORTED_PLATFORMS = "macosx iphonesimulator iphoneos";
				SWIFT_EMIT_LOC_STRINGS = YES;
				SWIFT_VERSION = 5.0;
				TARGETED_DEVICE_FAMILY = "1,2";
			};
			name = Release;
		};
		C733CEF629B6B978008EA556 /* Debug */ = {
			isa = XCBuildConfiguration;
			buildSettings = {
				ALWAYS_EMBED_SWIFT_STANDARD_LIBRARIES = YES;
				BUNDLE_LOADER = "$(TEST_HOST)";
				CODE_SIGN_STYLE = Automatic;
				CURRENT_PROJECT_VERSION = 1;
				DEVELOPMENT_TEAM = 7YXV5KMMJM;
				GENERATE_INFOPLIST_FILE = YES;
				IPHONEOS_DEPLOYMENT_TARGET = 15.5;
				MARKETING_VERSION = 1.0;
				PRODUCT_BUNDLE_IDENTIFIER = com.TheWing.EssentialFeedTests;
				PRODUCT_NAME = "$(TARGET_NAME)";
				SUPPORTED_PLATFORMS = "macosx iphonesimulator iphoneos";
				SWIFT_EMIT_LOC_STRINGS = NO;
				SWIFT_VERSION = 5.0;
				TARGETED_DEVICE_FAMILY = "1,2";
				TEST_HOST = "$(BUILT_PRODUCTS_DIR)/EssentialFeed.app/EssentialFeed";
			};
			name = Debug;
		};
		C733CEF729B6B978008EA556 /* Release */ = {
			isa = XCBuildConfiguration;
			buildSettings = {
				ALWAYS_EMBED_SWIFT_STANDARD_LIBRARIES = YES;
				BUNDLE_LOADER = "$(TEST_HOST)";
				CODE_SIGN_STYLE = Automatic;
				CURRENT_PROJECT_VERSION = 1;
				DEVELOPMENT_TEAM = 7YXV5KMMJM;
				GENERATE_INFOPLIST_FILE = YES;
				IPHONEOS_DEPLOYMENT_TARGET = 15.5;
				MARKETING_VERSION = 1.0;
				PRODUCT_BUNDLE_IDENTIFIER = com.TheWing.EssentialFeedTests;
				PRODUCT_NAME = "$(TARGET_NAME)";
				SUPPORTED_PLATFORMS = "macosx iphonesimulator iphoneos";
				SWIFT_EMIT_LOC_STRINGS = NO;
				SWIFT_VERSION = 5.0;
				TARGETED_DEVICE_FAMILY = "1,2";
				TEST_HOST = "$(BUILT_PRODUCTS_DIR)/EssentialFeed.app/EssentialFeed";
			};
			name = Release;
		};
		C733CEF929B6B978008EA556 /* Debug */ = {
			isa = XCBuildConfiguration;
			buildSettings = {
				ALWAYS_EMBED_SWIFT_STANDARD_LIBRARIES = YES;
				CODE_SIGN_STYLE = Automatic;
				CURRENT_PROJECT_VERSION = 1;
				DEVELOPMENT_TEAM = 7YXV5KMMJM;
				GENERATE_INFOPLIST_FILE = YES;
				MARKETING_VERSION = 1.0;
				PRODUCT_BUNDLE_IDENTIFIER = com.TheWing.EssentialFeedUITests;
				PRODUCT_NAME = "$(TARGET_NAME)";
				SWIFT_EMIT_LOC_STRINGS = NO;
				SWIFT_VERSION = 5.0;
				TARGETED_DEVICE_FAMILY = "1,2";
				TEST_TARGET_NAME = EssentialFeed;
			};
			name = Debug;
		};
		C733CEFA29B6B978008EA556 /* Release */ = {
			isa = XCBuildConfiguration;
			buildSettings = {
				ALWAYS_EMBED_SWIFT_STANDARD_LIBRARIES = YES;
				CODE_SIGN_STYLE = Automatic;
				CURRENT_PROJECT_VERSION = 1;
				DEVELOPMENT_TEAM = 7YXV5KMMJM;
				GENERATE_INFOPLIST_FILE = YES;
				MARKETING_VERSION = 1.0;
				PRODUCT_BUNDLE_IDENTIFIER = com.TheWing.EssentialFeedUITests;
				PRODUCT_NAME = "$(TARGET_NAME)";
				SWIFT_EMIT_LOC_STRINGS = NO;
				SWIFT_VERSION = 5.0;
				TARGETED_DEVICE_FAMILY = "1,2";
				TEST_TARGET_NAME = EssentialFeed;
			};
			name = Release;
		};
		C7489D1A2A03004F00AAC482 /* Debug */ = {
			isa = XCBuildConfiguration;
			buildSettings = {
				CLANG_CXX_LANGUAGE_STANDARD = "gnu++20";
				CODE_SIGN_STYLE = Automatic;
				CURRENT_PROJECT_VERSION = 1;
				DEVELOPMENT_TEAM = 7YXV5KMMJM;
				GENERATE_INFOPLIST_FILE = YES;
				MACOSX_DEPLOYMENT_TARGET = 13.3;
				MARKETING_VERSION = 1.0;
				PRODUCT_BUNDLE_IDENTIFIER = com.TheWing.EssentialFeedAPIEndToEndTests;
				PRODUCT_NAME = "$(TARGET_NAME)";
				SDKROOT = macosx;
				SUPPORTED_PLATFORMS = "macosx iphonesimulator iphoneos";
				SWIFT_EMIT_LOC_STRINGS = NO;
				SWIFT_VERSION = 5.0;
			};
			name = Debug;
		};
		C7489D1B2A03004F00AAC482 /* Release */ = {
			isa = XCBuildConfiguration;
			buildSettings = {
				CLANG_CXX_LANGUAGE_STANDARD = "gnu++20";
				CODE_SIGN_STYLE = Automatic;
				CURRENT_PROJECT_VERSION = 1;
				DEVELOPMENT_TEAM = 7YXV5KMMJM;
				GENERATE_INFOPLIST_FILE = YES;
				MACOSX_DEPLOYMENT_TARGET = 13.3;
				MARKETING_VERSION = 1.0;
				PRODUCT_BUNDLE_IDENTIFIER = com.TheWing.EssentialFeedAPIEndToEndTests;
				PRODUCT_NAME = "$(TARGET_NAME)";
				SDKROOT = macosx;
				SUPPORTED_PLATFORMS = "macosx iphonesimulator iphoneos";
				SWIFT_EMIT_LOC_STRINGS = NO;
				SWIFT_VERSION = 5.0;
			};
			name = Release;
		};
/* End XCBuildConfiguration section */

/* Begin XCConfigurationList section */
		0A43364C2A7D8C790044E692 /* Build configuration list for PBXNativeTarget "EssentialFeediOS" */ = {
			isa = XCConfigurationList;
			buildConfigurations = (
				0A43364D2A7D8C790044E692 /* Debug */,
				0A43364E2A7D8C790044E692 /* Release */,
			);
			defaultConfigurationIsVisible = 0;
			defaultConfigurationName = Release;
		};
		0A4336502A7D8C790044E692 /* Build configuration list for PBXNativeTarget "EssentialFeediOSTests" */ = {
			isa = XCConfigurationList;
			buildConfigurations = (
				0A4336512A7D8C790044E692 /* Debug */,
				0A4336522A7D8C790044E692 /* Release */,
			);
			defaultConfigurationIsVisible = 0;
			defaultConfigurationName = Release;
		};
		C733CEC329B6B973008EA556 /* Build configuration list for PBXProject "EssentialFeed" */ = {
			isa = XCConfigurationList;
			buildConfigurations = (
				C733CEF029B6B978008EA556 /* Debug */,
				C733CEF129B6B978008EA556 /* Release */,
			);
			defaultConfigurationIsVisible = 0;
			defaultConfigurationName = Release;
		};
		C733CEF229B6B978008EA556 /* Build configuration list for PBXNativeTarget "EssentialFeed" */ = {
			isa = XCConfigurationList;
			buildConfigurations = (
				C733CEF329B6B978008EA556 /* Debug */,
				C733CEF429B6B978008EA556 /* Release */,
			);
			defaultConfigurationIsVisible = 0;
			defaultConfigurationName = Release;
		};
		C733CEF529B6B978008EA556 /* Build configuration list for PBXNativeTarget "EssentialFeedTests" */ = {
			isa = XCConfigurationList;
			buildConfigurations = (
				C733CEF629B6B978008EA556 /* Debug */,
				C733CEF729B6B978008EA556 /* Release */,
			);
			defaultConfigurationIsVisible = 0;
			defaultConfigurationName = Release;
		};
		C733CEF829B6B978008EA556 /* Build configuration list for PBXNativeTarget "EssentialFeedUITests" */ = {
			isa = XCConfigurationList;
			buildConfigurations = (
				C733CEF929B6B978008EA556 /* Debug */,
				C733CEFA29B6B978008EA556 /* Release */,
			);
			defaultConfigurationIsVisible = 0;
			defaultConfigurationName = Release;
		};
		C7489D192A03004F00AAC482 /* Build configuration list for PBXNativeTarget "EssentialFeedAPIEndToEndTests" */ = {
			isa = XCConfigurationList;
			buildConfigurations = (
				C7489D1A2A03004F00AAC482 /* Debug */,
				C7489D1B2A03004F00AAC482 /* Release */,
			);
			defaultConfigurationIsVisible = 0;
			defaultConfigurationName = Release;
		};
/* End XCConfigurationList section */

/* Begin XCVersionGroup section */
		0A22540F2A54727200BDD02B /* CoreDataFeedStore.xcdatamodeld */ = {
			isa = XCVersionGroup;
			children = (
				0A2254102A54727200BDD02B /* CoreDataFeedStore.xcdatamodel */,
			);
			currentVersion = 0A2254102A54727200BDD02B /* CoreDataFeedStore.xcdatamodel */;
			path = CoreDataFeedStore.xcdatamodeld;
			sourceTree = "<group>";
			versionGroupType = wrapper.xcdatamodel;
		};
/* End XCVersionGroup section */
	};
	rootObject = C733CEC029B6B973008EA556 /* Project object */;
}
