// !$*UTF8*$!
{
	archiveVersion = 1;
	classes = {
	};
	objectVersion = 55;
	objects = {

/* Begin PBXBuildFile section */
		C701772D29C64C010087B195 /* HTTPClient.swift in Sources */ = {isa = PBXBuildFile; fileRef = C701772C29C64C010087B195 /* HTTPClient.swift */; };
		C701772F29C64CF90087B195 /* FeedItemsMapper.swift in Sources */ = {isa = PBXBuildFile; fileRef = C701772E29C64CF90087B195 /* FeedItemsMapper.swift */; };
		C70DAAAB29CA0FD800C2A43D /* URLSessionHTTPClientTests.swift in Sources */ = {isa = PBXBuildFile; fileRef = C70DAAA929CA0BFF00C2A43D /* URLSessionHTTPClientTests.swift */; };
		C7216B5D29D4DAEF00D73811 /* XCTestCase+MemoryLeakTracking.swift in Sources */ = {isa = PBXBuildFile; fileRef = C7216B5C29D4DAEF00D73811 /* XCTestCase+MemoryLeakTracking.swift */; };
		C733CECC29B6B973008EA556 /* AppDelegate.swift in Sources */ = {isa = PBXBuildFile; fileRef = C733CECB29B6B973008EA556 /* AppDelegate.swift */; };
		C733CECE29B6B973008EA556 /* SceneDelegate.swift in Sources */ = {isa = PBXBuildFile; fileRef = C733CECD29B6B973008EA556 /* SceneDelegate.swift */; };
		C733CED029B6B973008EA556 /* ViewController.swift in Sources */ = {isa = PBXBuildFile; fileRef = C733CECF29B6B973008EA556 /* ViewController.swift */; };
		C733CED329B6B973008EA556 /* Main.storyboard in Resources */ = {isa = PBXBuildFile; fileRef = C733CED129B6B973008EA556 /* Main.storyboard */; };
		C733CED529B6B977008EA556 /* Assets.xcassets in Resources */ = {isa = PBXBuildFile; fileRef = C733CED429B6B977008EA556 /* Assets.xcassets */; };
		C733CED829B6B977008EA556 /* LaunchScreen.storyboard in Resources */ = {isa = PBXBuildFile; fileRef = C733CED629B6B977008EA556 /* LaunchScreen.storyboard */; };
		C733CEE329B6B978008EA556 /* EssentialFeedTests.swift in Sources */ = {isa = PBXBuildFile; fileRef = C733CEE229B6B978008EA556 /* EssentialFeedTests.swift */; };
		C733CEED29B6B978008EA556 /* EssentialFeedUITests.swift in Sources */ = {isa = PBXBuildFile; fileRef = C733CEEC29B6B978008EA556 /* EssentialFeedUITests.swift */; };
		C733CEEF29B6B978008EA556 /* EssentialFeedUITestsLaunchTests.swift in Sources */ = {isa = PBXBuildFile; fileRef = C733CEEE29B6B978008EA556 /* EssentialFeedUITestsLaunchTests.swift */; };
		C733CEFC29B6B9A8008EA556 /* FeedItem.swift in Sources */ = {isa = PBXBuildFile; fileRef = C733CEFB29B6B9A7008EA556 /* FeedItem.swift */; };
		C733CEFE29B6B9FA008EA556 /* FeedLoader.swift in Sources */ = {isa = PBXBuildFile; fileRef = C733CEFD29B6B9FA008EA556 /* FeedLoader.swift */; };
		C733CF0129B933FD008EA556 /* LoadFeedFromRemoteUseCaseTests.swift in Sources */ = {isa = PBXBuildFile; fileRef = C733CF0029B933FD008EA556 /* LoadFeedFromRemoteUseCaseTests.swift */; };
		C733CF0429BA8A6E008EA556 /* RemoteFeedLoader.swift in Sources */ = {isa = PBXBuildFile; fileRef = C733CF0229BA8A5B008EA556 /* RemoteFeedLoader.swift */; };
		C7489D0F2A02F36F00AAC482 /* URLSessionHTTPClient.swift in Sources */ = {isa = PBXBuildFile; fileRef = C7489D0E2A02F36F00AAC482 /* URLSessionHTTPClient.swift */; };
		C7489D1D2A05904800AAC482 /* EssentialFeedAPIEndToEndTests.swift in Sources */ = {isa = PBXBuildFile; fileRef = C7489D172A03004F00AAC482 /* EssentialFeedAPIEndToEndTests.swift */; };
		C7489D1E2A05941500AAC482 /* XCTestCase+MemoryLeakTracking.swift in Sources */ = {isa = PBXBuildFile; fileRef = C7216B5C29D4DAEF00D73811 /* XCTestCase+MemoryLeakTracking.swift */; };
		C7489D232A13D27D00AAC482 /* CacheFeedUseCaseTests.swift in Sources */ = {isa = PBXBuildFile; fileRef = C7489D222A13D27D00AAC482 /* CacheFeedUseCaseTests.swift */; };
/* End PBXBuildFile section */

/* Begin PBXContainerItemProxy section */
		C733CEDF29B6B978008EA556 /* PBXContainerItemProxy */ = {
			isa = PBXContainerItemProxy;
			containerPortal = C733CEC029B6B973008EA556 /* Project object */;
			proxyType = 1;
			remoteGlobalIDString = C733CEC729B6B973008EA556;
			remoteInfo = EssentialFeed;
		};
		C733CEE929B6B978008EA556 /* PBXContainerItemProxy */ = {
			isa = PBXContainerItemProxy;
			containerPortal = C733CEC029B6B973008EA556 /* Project object */;
			proxyType = 1;
			remoteGlobalIDString = C733CEC729B6B973008EA556;
			remoteInfo = EssentialFeed;
		};
/* End PBXContainerItemProxy section */

/* Begin PBXFileReference section */
		C701772C29C64C010087B195 /* HTTPClient.swift */ = {isa = PBXFileReference; lastKnownFileType = sourcecode.swift; path = HTTPClient.swift; sourceTree = "<group>"; };
		C701772E29C64CF90087B195 /* FeedItemsMapper.swift */ = {isa = PBXFileReference; lastKnownFileType = sourcecode.swift; path = FeedItemsMapper.swift; sourceTree = "<group>"; };
		C70DAAA929CA0BFF00C2A43D /* URLSessionHTTPClientTests.swift */ = {isa = PBXFileReference; lastKnownFileType = sourcecode.swift; path = URLSessionHTTPClientTests.swift; sourceTree = "<group>"; };
		C7216B5C29D4DAEF00D73811 /* XCTestCase+MemoryLeakTracking.swift */ = {isa = PBXFileReference; lastKnownFileType = sourcecode.swift; path = "XCTestCase+MemoryLeakTracking.swift"; sourceTree = "<group>"; };
		C733CEC829B6B973008EA556 /* EssentialFeed.app */ = {isa = PBXFileReference; explicitFileType = wrapper.application; includeInIndex = 0; path = EssentialFeed.app; sourceTree = BUILT_PRODUCTS_DIR; };
		C733CECB29B6B973008EA556 /* AppDelegate.swift */ = {isa = PBXFileReference; lastKnownFileType = sourcecode.swift; path = AppDelegate.swift; sourceTree = "<group>"; };
		C733CECD29B6B973008EA556 /* SceneDelegate.swift */ = {isa = PBXFileReference; lastKnownFileType = sourcecode.swift; path = SceneDelegate.swift; sourceTree = "<group>"; };
		C733CECF29B6B973008EA556 /* ViewController.swift */ = {isa = PBXFileReference; lastKnownFileType = sourcecode.swift; path = ViewController.swift; sourceTree = "<group>"; };
		C733CED229B6B973008EA556 /* Base */ = {isa = PBXFileReference; lastKnownFileType = file.storyboard; name = Base; path = Base.lproj/Main.storyboard; sourceTree = "<group>"; };
		C733CED429B6B977008EA556 /* Assets.xcassets */ = {isa = PBXFileReference; lastKnownFileType = folder.assetcatalog; path = Assets.xcassets; sourceTree = "<group>"; };
		C733CED729B6B977008EA556 /* Base */ = {isa = PBXFileReference; lastKnownFileType = file.storyboard; name = Base; path = Base.lproj/LaunchScreen.storyboard; sourceTree = "<group>"; };
		C733CED929B6B977008EA556 /* Info.plist */ = {isa = PBXFileReference; lastKnownFileType = text.plist.xml; path = Info.plist; sourceTree = "<group>"; };
		C733CEDE29B6B978008EA556 /* EssentialFeedTests.xctest */ = {isa = PBXFileReference; explicitFileType = wrapper.cfbundle; includeInIndex = 0; path = EssentialFeedTests.xctest; sourceTree = BUILT_PRODUCTS_DIR; };
		C733CEE229B6B978008EA556 /* EssentialFeedTests.swift */ = {isa = PBXFileReference; lastKnownFileType = sourcecode.swift; path = EssentialFeedTests.swift; sourceTree = "<group>"; };
		C733CEE829B6B978008EA556 /* EssentialFeedUITests.xctest */ = {isa = PBXFileReference; explicitFileType = wrapper.cfbundle; includeInIndex = 0; path = EssentialFeedUITests.xctest; sourceTree = BUILT_PRODUCTS_DIR; };
		C733CEEC29B6B978008EA556 /* EssentialFeedUITests.swift */ = {isa = PBXFileReference; lastKnownFileType = sourcecode.swift; path = EssentialFeedUITests.swift; sourceTree = "<group>"; };
		C733CEEE29B6B978008EA556 /* EssentialFeedUITestsLaunchTests.swift */ = {isa = PBXFileReference; lastKnownFileType = sourcecode.swift; path = EssentialFeedUITestsLaunchTests.swift; sourceTree = "<group>"; };
		C733CEFB29B6B9A7008EA556 /* FeedItem.swift */ = {isa = PBXFileReference; lastKnownFileType = sourcecode.swift; path = FeedItem.swift; sourceTree = "<group>"; };
		C733CEFD29B6B9FA008EA556 /* FeedLoader.swift */ = {isa = PBXFileReference; lastKnownFileType = sourcecode.swift; path = FeedLoader.swift; sourceTree = "<group>"; };
		C733CF0029B933FD008EA556 /* LoadFeedFromRemoteUseCaseTests.swift */ = {isa = PBXFileReference; lastKnownFileType = sourcecode.swift; path = LoadFeedFromRemoteUseCaseTests.swift; sourceTree = "<group>"; };
		C733CF0229BA8A5B008EA556 /* RemoteFeedLoader.swift */ = {isa = PBXFileReference; lastKnownFileType = sourcecode.swift; path = RemoteFeedLoader.swift; sourceTree = "<group>"; };
		C7489D0E2A02F36F00AAC482 /* URLSessionHTTPClient.swift */ = {isa = PBXFileReference; lastKnownFileType = sourcecode.swift; path = URLSessionHTTPClient.swift; sourceTree = "<group>"; };
		C7489D152A03004E00AAC482 /* EssentialFeedAPIEndToEndTests.xctest */ = {isa = PBXFileReference; explicitFileType = wrapper.cfbundle; includeInIndex = 0; path = EssentialFeedAPIEndToEndTests.xctest; sourceTree = BUILT_PRODUCTS_DIR; };
		C7489D172A03004F00AAC482 /* EssentialFeedAPIEndToEndTests.swift */ = {isa = PBXFileReference; lastKnownFileType = sourcecode.swift; path = EssentialFeedAPIEndToEndTests.swift; sourceTree = "<group>"; };
		C7489D1F2A05959100AAC482 /* Testplan.xctestplan */ = {isa = PBXFileReference; lastKnownFileType = text; path = Testplan.xctestplan; sourceTree = "<group>"; };
		C7489D222A13D27D00AAC482 /* CacheFeedUseCaseTests.swift */ = {isa = PBXFileReference; lastKnownFileType = sourcecode.swift; path = CacheFeedUseCaseTests.swift; sourceTree = "<group>"; };
/* End PBXFileReference section */

/* Begin PBXFrameworksBuildPhase section */
		C733CEC529B6B973008EA556 /* Frameworks */ = {
			isa = PBXFrameworksBuildPhase;
			buildActionMask = 2147483647;
			files = (
			);
			runOnlyForDeploymentPostprocessing = 0;
		};
		C733CEDB29B6B978008EA556 /* Frameworks */ = {
			isa = PBXFrameworksBuildPhase;
			buildActionMask = 2147483647;
			files = (
			);
			runOnlyForDeploymentPostprocessing = 0;
		};
		C733CEE529B6B978008EA556 /* Frameworks */ = {
			isa = PBXFrameworksBuildPhase;
			buildActionMask = 2147483647;
			files = (
			);
			runOnlyForDeploymentPostprocessing = 0;
		};
		C7489D122A03004E00AAC482 /* Frameworks */ = {
			isa = PBXFrameworksBuildPhase;
			buildActionMask = 2147483647;
			files = (
			);
			runOnlyForDeploymentPostprocessing = 0;
		};
/* End PBXFrameworksBuildPhase section */

/* Begin PBXGroup section */
		C701773029C652930087B195 /* Feed API */ = {
			isa = PBXGroup;
			children = (
				C7216B5B29D4DAD500D73811 /* Helpers */,
				C733CF0029B933FD008EA556 /* LoadFeedFromRemoteUseCaseTests.swift */,
				C70DAAA929CA0BFF00C2A43D /* URLSessionHTTPClientTests.swift */,
			);
			path = "Feed API";
			sourceTree = "<group>";
		};
		C7216B5B29D4DAD500D73811 /* Helpers */ = {
			isa = PBXGroup;
			children = (
				C7216B5C29D4DAEF00D73811 /* XCTestCase+MemoryLeakTracking.swift */,
			);
			path = Helpers;
			sourceTree = "<group>";
		};
		C733CEBF29B6B973008EA556 = {
			isa = PBXGroup;
			children = (
				C7489D1F2A05959100AAC482 /* Testplan.xctestplan */,
				C733CECA29B6B973008EA556 /* EssentialFeed */,
				C733CEE129B6B978008EA556 /* EssentialFeedTests */,
				C733CEEB29B6B978008EA556 /* EssentialFeedUITests */,
				C7489D162A03004F00AAC482 /* EssentialFeedAPIEndToEndTests */,
				C733CEC929B6B973008EA556 /* Products */,
			);
			sourceTree = "<group>";
		};
		C733CEC929B6B973008EA556 /* Products */ = {
			isa = PBXGroup;
			children = (
				C733CEC829B6B973008EA556 /* EssentialFeed.app */,
				C733CEDE29B6B978008EA556 /* EssentialFeedTests.xctest */,
				C733CEE829B6B978008EA556 /* EssentialFeedUITests.xctest */,
				C7489D152A03004E00AAC482 /* EssentialFeedAPIEndToEndTests.xctest */,
			);
			name = Products;
			sourceTree = "<group>";
		};
		C733CECA29B6B973008EA556 /* EssentialFeed */ = {
			isa = PBXGroup;
			children = (
				C733CECB29B6B973008EA556 /* AppDelegate.swift */,
				C733CECD29B6B973008EA556 /* SceneDelegate.swift */,
				C733CEFB29B6B9A7008EA556 /* FeedItem.swift */,
				C733CF0529BA8A7F008EA556 /* Feed API */,
				C733CEFF29B6BAA0008EA556 /* FeedFeature */,
				C733CEFD29B6B9FA008EA556 /* FeedLoader.swift */,
				C733CECF29B6B973008EA556 /* ViewController.swift */,
				C733CED129B6B973008EA556 /* Main.storyboard */,
				C733CED429B6B977008EA556 /* Assets.xcassets */,
				C733CED629B6B977008EA556 /* LaunchScreen.storyboard */,
				C733CED929B6B977008EA556 /* Info.plist */,
			);
			path = EssentialFeed;
			sourceTree = "<group>";
		};
		C733CEE129B6B978008EA556 /* EssentialFeedTests */ = {
			isa = PBXGroup;
			children = (
				C733CEE229B6B978008EA556 /* EssentialFeedTests.swift */,
				C701773029C652930087B195 /* Feed API */,
				C7489D172A03004F00AAC482 /* EssentialFeedAPIEndToEndTests.swift */,
				C7489D242A13D28900AAC482 /* Feed Cache */,
			);
			path = EssentialFeedTests;
			sourceTree = "<group>";
		};
		C733CEEB29B6B978008EA556 /* EssentialFeedUITests */ = {
			isa = PBXGroup;
			children = (
				C733CEEC29B6B978008EA556 /* EssentialFeedUITests.swift */,
				C733CEEE29B6B978008EA556 /* EssentialFeedUITestsLaunchTests.swift */,
			);
			path = EssentialFeedUITests;
			sourceTree = "<group>";
		};
		C733CEFF29B6BAA0008EA556 /* FeedFeature */ = {
			isa = PBXGroup;
			children = (
			);
			path = FeedFeature;
			sourceTree = "<group>";
		};
		C733CF0529BA8A7F008EA556 /* Feed API */ = {
			isa = PBXGroup;
			children = (
				C733CF0229BA8A5B008EA556 /* RemoteFeedLoader.swift */,
				C701772E29C64CF90087B195 /* FeedItemsMapper.swift */,
				C701772C29C64C010087B195 /* HTTPClient.swift */,
				C7489D0E2A02F36F00AAC482 /* URLSessionHTTPClient.swift */,
			);
			path = "Feed API";
			sourceTree = "<group>";
		};
		C7489D162A03004F00AAC482 /* EssentialFeedAPIEndToEndTests */ = {
			isa = PBXGroup;
			children = (
			);
			path = EssentialFeedAPIEndToEndTests;
			sourceTree = "<group>";
		};
		C7489D242A13D28900AAC482 /* Feed Cache */ = {
			isa = PBXGroup;
			children = (
				C7489D222A13D27D00AAC482 /* CacheFeedUseCaseTests.swift */,
			);
			path = "Feed Cache";
			sourceTree = "<group>";
		};
/* End PBXGroup section */

/* Begin PBXNativeTarget section */
		C733CEC729B6B973008EA556 /* EssentialFeed */ = {
			isa = PBXNativeTarget;
			buildConfigurationList = C733CEF229B6B978008EA556 /* Build configuration list for PBXNativeTarget "EssentialFeed" */;
			buildPhases = (
				C733CEC429B6B973008EA556 /* Sources */,
				C733CEC529B6B973008EA556 /* Frameworks */,
				C733CEC629B6B973008EA556 /* Resources */,
			);
			buildRules = (
			);
			dependencies = (
			);
			name = EssentialFeed;
			productName = EssentialFeed;
			productReference = C733CEC829B6B973008EA556 /* EssentialFeed.app */;
			productType = "com.apple.product-type.application";
		};
		C733CEDD29B6B978008EA556 /* EssentialFeedTests */ = {
			isa = PBXNativeTarget;
			buildConfigurationList = C733CEF529B6B978008EA556 /* Build configuration list for PBXNativeTarget "EssentialFeedTests" */;
			buildPhases = (
				C733CEDA29B6B978008EA556 /* Sources */,
				C733CEDB29B6B978008EA556 /* Frameworks */,
				C733CEDC29B6B978008EA556 /* Resources */,
			);
			buildRules = (
			);
			dependencies = (
				C733CEE029B6B978008EA556 /* PBXTargetDependency */,
			);
			name = EssentialFeedTests;
			productName = EssentialFeedTests;
			productReference = C733CEDE29B6B978008EA556 /* EssentialFeedTests.xctest */;
			productType = "com.apple.product-type.bundle.unit-test";
		};
		C733CEE729B6B978008EA556 /* EssentialFeedUITests */ = {
			isa = PBXNativeTarget;
			buildConfigurationList = C733CEF829B6B978008EA556 /* Build configuration list for PBXNativeTarget "EssentialFeedUITests" */;
			buildPhases = (
				C733CEE429B6B978008EA556 /* Sources */,
				C733CEE529B6B978008EA556 /* Frameworks */,
				C733CEE629B6B978008EA556 /* Resources */,
			);
			buildRules = (
			);
			dependencies = (
				C733CEEA29B6B978008EA556 /* PBXTargetDependency */,
			);
			name = EssentialFeedUITests;
			productName = EssentialFeedUITests;
			productReference = C733CEE829B6B978008EA556 /* EssentialFeedUITests.xctest */;
			productType = "com.apple.product-type.bundle.ui-testing";
		};
		C7489D142A03004E00AAC482 /* EssentialFeedAPIEndToEndTests */ = {
			isa = PBXNativeTarget;
			buildConfigurationList = C7489D192A03004F00AAC482 /* Build configuration list for PBXNativeTarget "EssentialFeedAPIEndToEndTests" */;
			buildPhases = (
				C7489D112A03004E00AAC482 /* Sources */,
				C7489D122A03004E00AAC482 /* Frameworks */,
				C7489D132A03004E00AAC482 /* Resources */,
			);
			buildRules = (
			);
			dependencies = (
			);
			name = EssentialFeedAPIEndToEndTests;
			productName = EssentialFeedAPIEndToEndTests;
			productReference = C7489D152A03004E00AAC482 /* EssentialFeedAPIEndToEndTests.xctest */;
			productType = "com.apple.product-type.bundle.unit-test";
		};
/* End PBXNativeTarget section */

/* Begin PBXProject section */
		C733CEC029B6B973008EA556 /* Project object */ = {
			isa = PBXProject;
			attributes = {
				BuildIndependentTargetsInParallel = 1;
				LastSwiftUpdateCheck = 1430;
				LastUpgradeCheck = 1340;
				TargetAttributes = {
					C733CEC729B6B973008EA556 = {
						CreatedOnToolsVersion = 13.4;
					};
					C733CEDD29B6B978008EA556 = {
						CreatedOnToolsVersion = 13.4;
						TestTargetID = C733CEC729B6B973008EA556;
					};
					C733CEE729B6B978008EA556 = {
						CreatedOnToolsVersion = 13.4;
						TestTargetID = C733CEC729B6B973008EA556;
					};
					C7489D142A03004E00AAC482 = {
						CreatedOnToolsVersion = 14.3;
					};
				};
			};
			buildConfigurationList = C733CEC329B6B973008EA556 /* Build configuration list for PBXProject "EssentialFeed" */;
			compatibilityVersion = "Xcode 13.0";
			developmentRegion = en;
			hasScannedForEncodings = 0;
			knownRegions = (
				en,
				Base,
			);
			mainGroup = C733CEBF29B6B973008EA556;
			productRefGroup = C733CEC929B6B973008EA556 /* Products */;
			projectDirPath = "";
			projectRoot = "";
			targets = (
				C733CEC729B6B973008EA556 /* EssentialFeed */,
				C733CEDD29B6B978008EA556 /* EssentialFeedTests */,
				C733CEE729B6B978008EA556 /* EssentialFeedUITests */,
				C7489D142A03004E00AAC482 /* EssentialFeedAPIEndToEndTests */,
			);
		};
/* End PBXProject section */

/* Begin PBXResourcesBuildPhase section */
		C733CEC629B6B973008EA556 /* Resources */ = {
			isa = PBXResourcesBuildPhase;
			buildActionMask = 2147483647;
			files = (
				C733CED829B6B977008EA556 /* LaunchScreen.storyboard in Resources */,
				C733CED529B6B977008EA556 /* Assets.xcassets in Resources */,
				C733CED329B6B973008EA556 /* Main.storyboard in Resources */,
			);
			runOnlyForDeploymentPostprocessing = 0;
		};
		C733CEDC29B6B978008EA556 /* Resources */ = {
			isa = PBXResourcesBuildPhase;
			buildActionMask = 2147483647;
			files = (
			);
			runOnlyForDeploymentPostprocessing = 0;
		};
		C733CEE629B6B978008EA556 /* Resources */ = {
			isa = PBXResourcesBuildPhase;
			buildActionMask = 2147483647;
			files = (
			);
			runOnlyForDeploymentPostprocessing = 0;
		};
		C7489D132A03004E00AAC482 /* Resources */ = {
			isa = PBXResourcesBuildPhase;
			buildActionMask = 2147483647;
			files = (
			);
			runOnlyForDeploymentPostprocessing = 0;
		};
/* End PBXResourcesBuildPhase section */

/* Begin PBXSourcesBuildPhase section */
		C733CEC429B6B973008EA556 /* Sources */ = {
			isa = PBXSourcesBuildPhase;
			buildActionMask = 2147483647;
			files = (
				C733CEFC29B6B9A8008EA556 /* FeedItem.swift in Sources */,
				C733CED029B6B973008EA556 /* ViewController.swift in Sources */,
				C733CECC29B6B973008EA556 /* AppDelegate.swift in Sources */,
				C701772F29C64CF90087B195 /* FeedItemsMapper.swift in Sources */,
				C701772D29C64C010087B195 /* HTTPClient.swift in Sources */,
				C733CEFE29B6B9FA008EA556 /* FeedLoader.swift in Sources */,
				C733CF0429BA8A6E008EA556 /* RemoteFeedLoader.swift in Sources */,
				C733CECE29B6B973008EA556 /* SceneDelegate.swift in Sources */,
				C7489D0F2A02F36F00AAC482 /* URLSessionHTTPClient.swift in Sources */,
			);
			runOnlyForDeploymentPostprocessing = 0;
		};
		C733CEDA29B6B978008EA556 /* Sources */ = {
			isa = PBXSourcesBuildPhase;
			buildActionMask = 2147483647;
			files = (
				C733CF0129B933FD008EA556 /* LoadFeedFromRemoteUseCaseTests.swift in Sources */,
				C7216B5D29D4DAEF00D73811 /* XCTestCase+MemoryLeakTracking.swift in Sources */,
				C7489D232A13D27D00AAC482 /* CacheFeedUseCaseTests.swift in Sources */,
				C70DAAAB29CA0FD800C2A43D /* URLSessionHTTPClientTests.swift in Sources */,
				C7489D1D2A05904800AAC482 /* EssentialFeedAPIEndToEndTests.swift in Sources */,
				C733CEE329B6B978008EA556 /* EssentialFeedTests.swift in Sources */,
			);
			runOnlyForDeploymentPostprocessing = 0;
		};
		C733CEE429B6B978008EA556 /* Sources */ = {
			isa = PBXSourcesBuildPhase;
			buildActionMask = 2147483647;
			files = (
				C733CEED29B6B978008EA556 /* EssentialFeedUITests.swift in Sources */,
				C733CEEF29B6B978008EA556 /* EssentialFeedUITestsLaunchTests.swift in Sources */,
			);
			runOnlyForDeploymentPostprocessing = 0;
		};
		C7489D112A03004E00AAC482 /* Sources */ = {
			isa = PBXSourcesBuildPhase;
			buildActionMask = 2147483647;
			files = (
				C7489D1E2A05941500AAC482 /* XCTestCase+MemoryLeakTracking.swift in Sources */,
			);
			runOnlyForDeploymentPostprocessing = 0;
		};
/* End PBXSourcesBuildPhase section */

/* Begin PBXTargetDependency section */
		C733CEE029B6B978008EA556 /* PBXTargetDependency */ = {
			isa = PBXTargetDependency;
			target = C733CEC729B6B973008EA556 /* EssentialFeed */;
			targetProxy = C733CEDF29B6B978008EA556 /* PBXContainerItemProxy */;
		};
		C733CEEA29B6B978008EA556 /* PBXTargetDependency */ = {
			isa = PBXTargetDependency;
			target = C733CEC729B6B973008EA556 /* EssentialFeed */;
			targetProxy = C733CEE929B6B978008EA556 /* PBXContainerItemProxy */;
		};
/* End PBXTargetDependency section */

/* Begin PBXVariantGroup section */
		C733CED129B6B973008EA556 /* Main.storyboard */ = {
			isa = PBXVariantGroup;
			children = (
				C733CED229B6B973008EA556 /* Base */,
			);
			name = Main.storyboard;
			sourceTree = "<group>";
		};
		C733CED629B6B977008EA556 /* LaunchScreen.storyboard */ = {
			isa = PBXVariantGroup;
			children = (
				C733CED729B6B977008EA556 /* Base */,
			);
			name = LaunchScreen.storyboard;
			sourceTree = "<group>";
		};
/* End PBXVariantGroup section */

/* Begin XCBuildConfiguration section */
		C733CEF029B6B978008EA556 /* Debug */ = {
			isa = XCBuildConfiguration;
			buildSettings = {
				ALWAYS_SEARCH_USER_PATHS = NO;
				CLANG_ANALYZER_NONNULL = YES;
				CLANG_ANALYZER_NUMBER_OBJECT_CONVERSION = YES_AGGRESSIVE;
				CLANG_CXX_LANGUAGE_STANDARD = "gnu++17";
				CLANG_ENABLE_MODULES = YES;
				CLANG_ENABLE_OBJC_ARC = YES;
				CLANG_ENABLE_OBJC_WEAK = YES;
				CLANG_WARN_BLOCK_CAPTURE_AUTORELEASING = YES;
				CLANG_WARN_BOOL_CONVERSION = YES;
				CLANG_WARN_COMMA = YES;
				CLANG_WARN_CONSTANT_CONVERSION = YES;
				CLANG_WARN_DEPRECATED_OBJC_IMPLEMENTATIONS = YES;
				CLANG_WARN_DIRECT_OBJC_ISA_USAGE = YES_ERROR;
				CLANG_WARN_DOCUMENTATION_COMMENTS = YES;
				CLANG_WARN_EMPTY_BODY = YES;
				CLANG_WARN_ENUM_CONVERSION = YES;
				CLANG_WARN_INFINITE_RECURSION = YES;
				CLANG_WARN_INT_CONVERSION = YES;
				CLANG_WARN_NON_LITERAL_NULL_CONVERSION = YES;
				CLANG_WARN_OBJC_IMPLICIT_RETAIN_SELF = YES;
				CLANG_WARN_OBJC_LITERAL_CONVERSION = YES;
				CLANG_WARN_OBJC_ROOT_CLASS = YES_ERROR;
				CLANG_WARN_QUOTED_INCLUDE_IN_FRAMEWORK_HEADER = YES;
				CLANG_WARN_RANGE_LOOP_ANALYSIS = YES;
				CLANG_WARN_STRICT_PROTOTYPES = YES;
				CLANG_WARN_SUSPICIOUS_MOVE = YES;
				CLANG_WARN_UNGUARDED_AVAILABILITY = YES_AGGRESSIVE;
				CLANG_WARN_UNREACHABLE_CODE = YES;
				CLANG_WARN__DUPLICATE_METHOD_MATCH = YES;
				COPY_PHASE_STRIP = NO;
				DEBUG_INFORMATION_FORMAT = dwarf;
				ENABLE_STRICT_OBJC_MSGSEND = YES;
				ENABLE_TESTABILITY = YES;
				GCC_C_LANGUAGE_STANDARD = gnu11;
				GCC_DYNAMIC_NO_PIC = NO;
				GCC_NO_COMMON_BLOCKS = YES;
				GCC_OPTIMIZATION_LEVEL = 0;
				GCC_PREPROCESSOR_DEFINITIONS = (
					"DEBUG=1",
					"$(inherited)",
				);
				GCC_WARN_64_TO_32_BIT_CONVERSION = YES;
				GCC_WARN_ABOUT_RETURN_TYPE = YES_ERROR;
				GCC_WARN_UNDECLARED_SELECTOR = YES;
				GCC_WARN_UNINITIALIZED_AUTOS = YES_AGGRESSIVE;
				GCC_WARN_UNUSED_FUNCTION = YES;
				GCC_WARN_UNUSED_VARIABLE = YES;
				IPHONEOS_DEPLOYMENT_TARGET = 15.5;
				MTL_ENABLE_DEBUG_INFO = INCLUDE_SOURCE;
				MTL_FAST_MATH = YES;
				ONLY_ACTIVE_ARCH = YES;
				SDKROOT = iphoneos;
				SWIFT_ACTIVE_COMPILATION_CONDITIONS = DEBUG;
				SWIFT_OPTIMIZATION_LEVEL = "-Onone";
			};
			name = Debug;
		};
		C733CEF129B6B978008EA556 /* Release */ = {
			isa = XCBuildConfiguration;
			buildSettings = {
				ALWAYS_SEARCH_USER_PATHS = NO;
				CLANG_ANALYZER_NONNULL = YES;
				CLANG_ANALYZER_NUMBER_OBJECT_CONVERSION = YES_AGGRESSIVE;
				CLANG_CXX_LANGUAGE_STANDARD = "gnu++17";
				CLANG_ENABLE_MODULES = YES;
				CLANG_ENABLE_OBJC_ARC = YES;
				CLANG_ENABLE_OBJC_WEAK = YES;
				CLANG_WARN_BLOCK_CAPTURE_AUTORELEASING = YES;
				CLANG_WARN_BOOL_CONVERSION = YES;
				CLANG_WARN_COMMA = YES;
				CLANG_WARN_CONSTANT_CONVERSION = YES;
				CLANG_WARN_DEPRECATED_OBJC_IMPLEMENTATIONS = YES;
				CLANG_WARN_DIRECT_OBJC_ISA_USAGE = YES_ERROR;
				CLANG_WARN_DOCUMENTATION_COMMENTS = YES;
				CLANG_WARN_EMPTY_BODY = YES;
				CLANG_WARN_ENUM_CONVERSION = YES;
				CLANG_WARN_INFINITE_RECURSION = YES;
				CLANG_WARN_INT_CONVERSION = YES;
				CLANG_WARN_NON_LITERAL_NULL_CONVERSION = YES;
				CLANG_WARN_OBJC_IMPLICIT_RETAIN_SELF = YES;
				CLANG_WARN_OBJC_LITERAL_CONVERSION = YES;
				CLANG_WARN_OBJC_ROOT_CLASS = YES_ERROR;
				CLANG_WARN_QUOTED_INCLUDE_IN_FRAMEWORK_HEADER = YES;
				CLANG_WARN_RANGE_LOOP_ANALYSIS = YES;
				CLANG_WARN_STRICT_PROTOTYPES = YES;
				CLANG_WARN_SUSPICIOUS_MOVE = YES;
				CLANG_WARN_UNGUARDED_AVAILABILITY = YES_AGGRESSIVE;
				CLANG_WARN_UNREACHABLE_CODE = YES;
				CLANG_WARN__DUPLICATE_METHOD_MATCH = YES;
				COPY_PHASE_STRIP = NO;
				DEBUG_INFORMATION_FORMAT = "dwarf-with-dsym";
				ENABLE_NS_ASSERTIONS = NO;
				ENABLE_STRICT_OBJC_MSGSEND = YES;
				GCC_C_LANGUAGE_STANDARD = gnu11;
				GCC_NO_COMMON_BLOCKS = YES;
				GCC_WARN_64_TO_32_BIT_CONVERSION = YES;
				GCC_WARN_ABOUT_RETURN_TYPE = YES_ERROR;
				GCC_WARN_UNDECLARED_SELECTOR = YES;
				GCC_WARN_UNINITIALIZED_AUTOS = YES_AGGRESSIVE;
				GCC_WARN_UNUSED_FUNCTION = YES;
				GCC_WARN_UNUSED_VARIABLE = YES;
				IPHONEOS_DEPLOYMENT_TARGET = 15.5;
				MTL_ENABLE_DEBUG_INFO = NO;
				MTL_FAST_MATH = YES;
				SDKROOT = iphoneos;
				SWIFT_COMPILATION_MODE = wholemodule;
				SWIFT_OPTIMIZATION_LEVEL = "-O";
				VALIDATE_PRODUCT = YES;
			};
			name = Release;
		};
		C733CEF329B6B978008EA556 /* Debug */ = {
			isa = XCBuildConfiguration;
			buildSettings = {
				ASSETCATALOG_COMPILER_APPICON_NAME = AppIcon;
				ASSETCATALOG_COMPILER_GLOBAL_ACCENT_COLOR_NAME = AccentColor;
				CODE_SIGN_STYLE = Automatic;
				CURRENT_PROJECT_VERSION = 1;
				DEVELOPMENT_TEAM = 7YXV5KMMJM;
				GENERATE_INFOPLIST_FILE = YES;
				INFOPLIST_FILE = EssentialFeed/Info.plist;
				INFOPLIST_KEY_UIApplicationSupportsIndirectInputEvents = YES;
				INFOPLIST_KEY_UILaunchStoryboardName = LaunchScreen;
				INFOPLIST_KEY_UIMainStoryboardFile = Main;
				INFOPLIST_KEY_UISupportedInterfaceOrientations_iPad = "UIInterfaceOrientationPortrait UIInterfaceOrientationPortraitUpsideDown UIInterfaceOrientationLandscapeLeft UIInterfaceOrientationLandscapeRight";
				INFOPLIST_KEY_UISupportedInterfaceOrientations_iPhone = "UIInterfaceOrientationPortrait UIInterfaceOrientationLandscapeLeft UIInterfaceOrientationLandscapeRight";
				LD_RUNPATH_SEARCH_PATHS = (
					"$(inherited)",
					"@executable_path/Frameworks",
				);
				MARKETING_VERSION = 1.0;
				PRODUCT_BUNDLE_IDENTIFIER = com.TheWing.EssentialFeed;
				PRODUCT_NAME = "$(TARGET_NAME)";
				SWIFT_EMIT_LOC_STRINGS = YES;
				SWIFT_VERSION = 5.0;
				TARGETED_DEVICE_FAMILY = "1,2";
			};
			name = Debug;
		};
		C733CEF429B6B978008EA556 /* Release */ = {
			isa = XCBuildConfiguration;
			buildSettings = {
				ASSETCATALOG_COMPILER_APPICON_NAME = AppIcon;
				ASSETCATALOG_COMPILER_GLOBAL_ACCENT_COLOR_NAME = AccentColor;
				CODE_SIGN_STYLE = Automatic;
				CURRENT_PROJECT_VERSION = 1;
				DEVELOPMENT_TEAM = 7YXV5KMMJM;
				GENERATE_INFOPLIST_FILE = YES;
				INFOPLIST_FILE = EssentialFeed/Info.plist;
				INFOPLIST_KEY_UIApplicationSupportsIndirectInputEvents = YES;
				INFOPLIST_KEY_UILaunchStoryboardName = LaunchScreen;
				INFOPLIST_KEY_UIMainStoryboardFile = Main;
				INFOPLIST_KEY_UISupportedInterfaceOrientations_iPad = "UIInterfaceOrientationPortrait UIInterfaceOrientationPortraitUpsideDown UIInterfaceOrientationLandscapeLeft UIInterfaceOrientationLandscapeRight";
				INFOPLIST_KEY_UISupportedInterfaceOrientations_iPhone = "UIInterfaceOrientationPortrait UIInterfaceOrientationLandscapeLeft UIInterfaceOrientationLandscapeRight";
				LD_RUNPATH_SEARCH_PATHS = (
					"$(inherited)",
					"@executable_path/Frameworks",
				);
				MARKETING_VERSION = 1.0;
				PRODUCT_BUNDLE_IDENTIFIER = com.TheWing.EssentialFeed;
				PRODUCT_NAME = "$(TARGET_NAME)";
				SWIFT_EMIT_LOC_STRINGS = YES;
				SWIFT_VERSION = 5.0;
				TARGETED_DEVICE_FAMILY = "1,2";
			};
			name = Release;
		};
		C733CEF629B6B978008EA556 /* Debug */ = {
			isa = XCBuildConfiguration;
			buildSettings = {
				ALWAYS_EMBED_SWIFT_STANDARD_LIBRARIES = YES;
				BUNDLE_LOADER = "$(TEST_HOST)";
				CODE_SIGN_STYLE = Automatic;
				CURRENT_PROJECT_VERSION = 1;
				DEVELOPMENT_TEAM = 7YXV5KMMJM;
				GENERATE_INFOPLIST_FILE = YES;
				IPHONEOS_DEPLOYMENT_TARGET = 15.5;
				MARKETING_VERSION = 1.0;
				PRODUCT_BUNDLE_IDENTIFIER = com.TheWing.EssentialFeedTests;
				PRODUCT_NAME = "$(TARGET_NAME)";
				SWIFT_EMIT_LOC_STRINGS = NO;
				SWIFT_VERSION = 5.0;
				TARGETED_DEVICE_FAMILY = "1,2";
				TEST_HOST = "$(BUILT_PRODUCTS_DIR)/EssentialFeed.app/EssentialFeed";
			};
			name = Debug;
		};
		C733CEF729B6B978008EA556 /* Release */ = {
			isa = XCBuildConfiguration;
			buildSettings = {
				ALWAYS_EMBED_SWIFT_STANDARD_LIBRARIES = YES;
				BUNDLE_LOADER = "$(TEST_HOST)";
				CODE_SIGN_STYLE = Automatic;
				CURRENT_PROJECT_VERSION = 1;
				DEVELOPMENT_TEAM = 7YXV5KMMJM;
				GENERATE_INFOPLIST_FILE = YES;
				IPHONEOS_DEPLOYMENT_TARGET = 15.5;
				MARKETING_VERSION = 1.0;
				PRODUCT_BUNDLE_IDENTIFIER = com.TheWing.EssentialFeedTests;
				PRODUCT_NAME = "$(TARGET_NAME)";
				SWIFT_EMIT_LOC_STRINGS = NO;
				SWIFT_VERSION = 5.0;
				TARGETED_DEVICE_FAMILY = "1,2";
				TEST_HOST = "$(BUILT_PRODUCTS_DIR)/EssentialFeed.app/EssentialFeed";
			};
			name = Release;
		};
		C733CEF929B6B978008EA556 /* Debug */ = {
			isa = XCBuildConfiguration;
			buildSettings = {
				ALWAYS_EMBED_SWIFT_STANDARD_LIBRARIES = YES;
				CODE_SIGN_STYLE = Automatic;
				CURRENT_PROJECT_VERSION = 1;
				DEVELOPMENT_TEAM = 7YXV5KMMJM;
				GENERATE_INFOPLIST_FILE = YES;
				MARKETING_VERSION = 1.0;
				PRODUCT_BUNDLE_IDENTIFIER = com.TheWing.EssentialFeedUITests;
				PRODUCT_NAME = "$(TARGET_NAME)";
				SWIFT_EMIT_LOC_STRINGS = NO;
				SWIFT_VERSION = 5.0;
				TARGETED_DEVICE_FAMILY = "1,2";
				TEST_TARGET_NAME = EssentialFeed;
			};
			name = Debug;
		};
		C733CEFA29B6B978008EA556 /* Release */ = {
			isa = XCBuildConfiguration;
			buildSettings = {
				ALWAYS_EMBED_SWIFT_STANDARD_LIBRARIES = YES;
				CODE_SIGN_STYLE = Automatic;
				CURRENT_PROJECT_VERSION = 1;
				DEVELOPMENT_TEAM = 7YXV5KMMJM;
				GENERATE_INFOPLIST_FILE = YES;
				MARKETING_VERSION = 1.0;
				PRODUCT_BUNDLE_IDENTIFIER = com.TheWing.EssentialFeedUITests;
				PRODUCT_NAME = "$(TARGET_NAME)";
				SWIFT_EMIT_LOC_STRINGS = NO;
				SWIFT_VERSION = 5.0;
				TARGETED_DEVICE_FAMILY = "1,2";
				TEST_TARGET_NAME = EssentialFeed;
			};
			name = Release;
		};
		C7489D1A2A03004F00AAC482 /* Debug */ = {
			isa = XCBuildConfiguration;
			buildSettings = {
				CLANG_CXX_LANGUAGE_STANDARD = "gnu++20";
				CODE_SIGN_STYLE = Automatic;
				CURRENT_PROJECT_VERSION = 1;
				DEVELOPMENT_TEAM = 7YXV5KMMJM;
				GENERATE_INFOPLIST_FILE = YES;
				MACOSX_DEPLOYMENT_TARGET = 13.3;
				MARKETING_VERSION = 1.0;
				PRODUCT_BUNDLE_IDENTIFIER = com.TheWing.EssentialFeedAPIEndToEndTests;
				PRODUCT_NAME = "$(TARGET_NAME)";
				SDKROOT = macosx;
				SWIFT_EMIT_LOC_STRINGS = NO;
				SWIFT_VERSION = 5.0;
			};
			name = Debug;
		};
		C7489D1B2A03004F00AAC482 /* Release */ = {
			isa = XCBuildConfiguration;
			buildSettings = {
				CLANG_CXX_LANGUAGE_STANDARD = "gnu++20";
				CODE_SIGN_STYLE = Automatic;
				CURRENT_PROJECT_VERSION = 1;
				DEVELOPMENT_TEAM = 7YXV5KMMJM;
				GENERATE_INFOPLIST_FILE = YES;
				MACOSX_DEPLOYMENT_TARGET = 13.3;
				MARKETING_VERSION = 1.0;
				PRODUCT_BUNDLE_IDENTIFIER = com.TheWing.EssentialFeedAPIEndToEndTests;
				PRODUCT_NAME = "$(TARGET_NAME)";
				SDKROOT = macosx;
				SWIFT_EMIT_LOC_STRINGS = NO;
				SWIFT_VERSION = 5.0;
			};
			name = Release;
		};
/* End XCBuildConfiguration section */

/* Begin XCConfigurationList section */
		C733CEC329B6B973008EA556 /* Build configuration list for PBXProject "EssentialFeed" */ = {
			isa = XCConfigurationList;
			buildConfigurations = (
				C733CEF029B6B978008EA556 /* Debug */,
				C733CEF129B6B978008EA556 /* Release */,
			);
			defaultConfigurationIsVisible = 0;
			defaultConfigurationName = Release;
		};
		C733CEF229B6B978008EA556 /* Build configuration list for PBXNativeTarget "EssentialFeed" */ = {
			isa = XCConfigurationList;
			buildConfigurations = (
				C733CEF329B6B978008EA556 /* Debug */,
				C733CEF429B6B978008EA556 /* Release */,
			);
			defaultConfigurationIsVisible = 0;
			defaultConfigurationName = Release;
		};
		C733CEF529B6B978008EA556 /* Build configuration list for PBXNativeTarget "EssentialFeedTests" */ = {
			isa = XCConfigurationList;
			buildConfigurations = (
				C733CEF629B6B978008EA556 /* Debug */,
				C733CEF729B6B978008EA556 /* Release */,
			);
			defaultConfigurationIsVisible = 0;
			defaultConfigurationName = Release;
		};
		C733CEF829B6B978008EA556 /* Build configuration list for PBXNativeTarget "EssentialFeedUITests" */ = {
			isa = XCConfigurationList;
			buildConfigurations = (
				C733CEF929B6B978008EA556 /* Debug */,
				C733CEFA29B6B978008EA556 /* Release */,
			);
			defaultConfigurationIsVisible = 0;
			defaultConfigurationName = Release;
		};
		C7489D192A03004F00AAC482 /* Build configuration list for PBXNativeTarget "EssentialFeedAPIEndToEndTests" */ = {
			isa = XCConfigurationList;
			buildConfigurations = (
				C7489D1A2A03004F00AAC482 /* Debug */,
				C7489D1B2A03004F00AAC482 /* Release */,
			);
			defaultConfigurationIsVisible = 0;
			defaultConfigurationName = Release;
		};
/* End XCConfigurationList section */
	};
	rootObject = C733CEC029B6B973008EA556 /* Project object */;
}
